// !$*UTF8*$!
{
	archiveVersion = 1;
	classes = {
	};
	objectVersion = 50;
	objects = {

/* Begin PBXBuildFile section */
		EA637DEB254B3EF200FCC983 /* Constants.swift in Sources */ = {isa = PBXBuildFile; fileRef = EA637DEA254B3EF200FCC983 /* Constants.swift */; };
		EA637DF0254B404B00FCC983 /* Video.swift in Sources */ = {isa = PBXBuildFile; fileRef = EA637DEF254B404B00FCC983 /* Video.swift */; };
		EA637DF5254B408C00FCC983 /* Model.swift in Sources */ = {isa = PBXBuildFile; fileRef = EA637DF4254B408C00FCC983 /* Model.swift */; };
		EA637DFD254B821200FCC983 /* Response.swift in Sources */ = {isa = PBXBuildFile; fileRef = EA637DFC254B821200FCC983 /* Response.swift */; };
		EAF920E22548DA1200D22ACF /* AppDelegate.swift in Sources */ = {isa = PBXBuildFile; fileRef = EAF920E12548DA1200D22ACF /* AppDelegate.swift */; };
		EAF920E42548DA1200D22ACF /* SceneDelegate.swift in Sources */ = {isa = PBXBuildFile; fileRef = EAF920E32548DA1200D22ACF /* SceneDelegate.swift */; };
		EAF920E62548DA1200D22ACF /* ViewController.swift in Sources */ = {isa = PBXBuildFile; fileRef = EAF920E52548DA1200D22ACF /* ViewController.swift */; };
		EAF920E92548DA1200D22ACF /* Main.storyboard in Resources */ = {isa = PBXBuildFile; fileRef = EAF920E72548DA1200D22ACF /* Main.storyboard */; };
		EAF920EB2548DA1400D22ACF /* Assets.xcassets in Resources */ = {isa = PBXBuildFile; fileRef = EAF920EA2548DA1400D22ACF /* Assets.xcassets */; };
		EAF920EE2548DA1400D22ACF /* LaunchScreen.storyboard in Resources */ = {isa = PBXBuildFile; fileRef = EAF920EC2548DA1400D22ACF /* LaunchScreen.storyboard */; };
		EAF920F92548DA1400D22ACF /* youtube_onedaybuildTests.swift in Sources */ = {isa = PBXBuildFile; fileRef = EAF920F82548DA1400D22ACF /* youtube_onedaybuildTests.swift */; };
		EAF921042548DA1400D22ACF /* youtube_onedaybuildUITests.swift in Sources */ = {isa = PBXBuildFile; fileRef = EAF921032548DA1400D22ACF /* youtube_onedaybuildUITests.swift */; };
/* End PBXBuildFile section */

/* Begin PBXContainerItemProxy section */
		EAF920F52548DA1400D22ACF /* PBXContainerItemProxy */ = {
			isa = PBXContainerItemProxy;
			containerPortal = EAF920D62548DA1200D22ACF /* Project object */;
			proxyType = 1;
			remoteGlobalIDString = EAF920DD2548DA1200D22ACF;
			remoteInfo = "youtube-onedaybuild";
		};
		EAF921002548DA1400D22ACF /* PBXContainerItemProxy */ = {
			isa = PBXContainerItemProxy;
			containerPortal = EAF920D62548DA1200D22ACF /* Project object */;
			proxyType = 1;
			remoteGlobalIDString = EAF920DD2548DA1200D22ACF;
			remoteInfo = "youtube-onedaybuild";
		};
/* End PBXContainerItemProxy section */

/* Begin PBXFileReference section */
		EA637DEA254B3EF200FCC983 /* Constants.swift */ = {isa = PBXFileReference; lastKnownFileType = sourcecode.swift; path = Constants.swift; sourceTree = "<group>"; };
		EA637DEF254B404B00FCC983 /* Video.swift */ = {isa = PBXFileReference; lastKnownFileType = sourcecode.swift; path = Video.swift; sourceTree = "<group>"; };
		EA637DF4254B408C00FCC983 /* Model.swift */ = {isa = PBXFileReference; lastKnownFileType = sourcecode.swift; path = Model.swift; sourceTree = "<group>"; };
		EA637DFC254B821200FCC983 /* Response.swift */ = {isa = PBXFileReference; lastKnownFileType = sourcecode.swift; path = Response.swift; sourceTree = "<group>"; };
		EAF920DE2548DA1200D22ACF /* youtube-onedaybuild.app */ = {isa = PBXFileReference; explicitFileType = wrapper.application; includeInIndex = 0; path = "youtube-onedaybuild.app"; sourceTree = BUILT_PRODUCTS_DIR; };
		EAF920E12548DA1200D22ACF /* AppDelegate.swift */ = {isa = PBXFileReference; lastKnownFileType = sourcecode.swift; path = AppDelegate.swift; sourceTree = "<group>"; };
		EAF920E32548DA1200D22ACF /* SceneDelegate.swift */ = {isa = PBXFileReference; lastKnownFileType = sourcecode.swift; path = SceneDelegate.swift; sourceTree = "<group>"; };
		EAF920E52548DA1200D22ACF /* ViewController.swift */ = {isa = PBXFileReference; lastKnownFileType = sourcecode.swift; path = ViewController.swift; sourceTree = "<group>"; };
		EAF920E82548DA1200D22ACF /* Base */ = {isa = PBXFileReference; lastKnownFileType = file.storyboard; name = Base; path = Base.lproj/Main.storyboard; sourceTree = "<group>"; };
		EAF920EA2548DA1400D22ACF /* Assets.xcassets */ = {isa = PBXFileReference; lastKnownFileType = folder.assetcatalog; path = Assets.xcassets; sourceTree = "<group>"; };
		EAF920ED2548DA1400D22ACF /* Base */ = {isa = PBXFileReference; lastKnownFileType = file.storyboard; name = Base; path = Base.lproj/LaunchScreen.storyboard; sourceTree = "<group>"; };
		EAF920EF2548DA1400D22ACF /* Info.plist */ = {isa = PBXFileReference; lastKnownFileType = text.plist.xml; path = Info.plist; sourceTree = "<group>"; };
		EAF920F42548DA1400D22ACF /* youtube-onedaybuildTests.xctest */ = {isa = PBXFileReference; explicitFileType = wrapper.cfbundle; includeInIndex = 0; path = "youtube-onedaybuildTests.xctest"; sourceTree = BUILT_PRODUCTS_DIR; };
		EAF920F82548DA1400D22ACF /* youtube_onedaybuildTests.swift */ = {isa = PBXFileReference; lastKnownFileType = sourcecode.swift; path = youtube_onedaybuildTests.swift; sourceTree = "<group>"; };
		EAF920FA2548DA1400D22ACF /* Info.plist */ = {isa = PBXFileReference; lastKnownFileType = text.plist.xml; path = Info.plist; sourceTree = "<group>"; };
		EAF920FF2548DA1400D22ACF /* youtube-onedaybuildUITests.xctest */ = {isa = PBXFileReference; explicitFileType = wrapper.cfbundle; includeInIndex = 0; path = "youtube-onedaybuildUITests.xctest"; sourceTree = BUILT_PRODUCTS_DIR; };
		EAF921032548DA1400D22ACF /* youtube_onedaybuildUITests.swift */ = {isa = PBXFileReference; lastKnownFileType = sourcecode.swift; path = youtube_onedaybuildUITests.swift; sourceTree = "<group>"; };
		EAF921052548DA1400D22ACF /* Info.plist */ = {isa = PBXFileReference; lastKnownFileType = text.plist.xml; path = Info.plist; sourceTree = "<group>"; };
/* End PBXFileReference section */

/* Begin PBXFrameworksBuildPhase section */
		EAF920DB2548DA1200D22ACF /* Frameworks */ = {
			isa = PBXFrameworksBuildPhase;
			buildActionMask = 2147483647;
			files = (
			);
			runOnlyForDeploymentPostprocessing = 0;
		};
		EAF920F12548DA1400D22ACF /* Frameworks */ = {
			isa = PBXFrameworksBuildPhase;
			buildActionMask = 2147483647;
			files = (
			);
			runOnlyForDeploymentPostprocessing = 0;
		};
		EAF920FC2548DA1400D22ACF /* Frameworks */ = {
			isa = PBXFrameworksBuildPhase;
			buildActionMask = 2147483647;
			files = (
			);
			runOnlyForDeploymentPostprocessing = 0;
		};
/* End PBXFrameworksBuildPhase section */

/* Begin PBXGroup section */
		EAF920D52548DA1200D22ACF = {
			isa = PBXGroup;
			children = (
				EAF920E02548DA1200D22ACF /* youtube-onedaybuild */,
				EAF920F72548DA1400D22ACF /* youtube-onedaybuildTests */,
				EAF921022548DA1400D22ACF /* youtube-onedaybuildUITests */,
				EAF920DF2548DA1200D22ACF /* Products */,
			);
			sourceTree = "<group>";
		};
		EAF920DF2548DA1200D22ACF /* Products */ = {
			isa = PBXGroup;
			children = (
				EAF920DE2548DA1200D22ACF /* youtube-onedaybuild.app */,
				EAF920F42548DA1400D22ACF /* youtube-onedaybuildTests.xctest */,
				EAF920FF2548DA1400D22ACF /* youtube-onedaybuildUITests.xctest */,
			);
			name = Products;
			sourceTree = "<group>";
		};
		EAF920E02548DA1200D22ACF /* youtube-onedaybuild */ = {
			isa = PBXGroup;
			children = (
				EAF920E12548DA1200D22ACF /* AppDelegate.swift */,
				EAF920E32548DA1200D22ACF /* SceneDelegate.swift */,
				EAF920E52548DA1200D22ACF /* ViewController.swift */,
				EA637DEA254B3EF200FCC983 /* Constants.swift */,
				EA637DEF254B404B00FCC983 /* Video.swift */,
				EA637DFC254B821200FCC983 /* Response.swift */,
				EA637DF4254B408C00FCC983 /* Model.swift */,
				EAF920E72548DA1200D22ACF /* Main.storyboard */,
				EAF920EA2548DA1400D22ACF /* Assets.xcassets */,
				EAF920EC2548DA1400D22ACF /* LaunchScreen.storyboard */,
				EAF920EF2548DA1400D22ACF /* Info.plist */,
			);
			path = "youtube-onedaybuild";
			sourceTree = "<group>";
		};
		EAF920F72548DA1400D22ACF /* youtube-onedaybuildTests */ = {
			isa = PBXGroup;
			children = (
				EAF920F82548DA1400D22ACF /* youtube_onedaybuildTests.swift */,
				EAF920FA2548DA1400D22ACF /* Info.plist */,
			);
			path = "youtube-onedaybuildTests";
			sourceTree = "<group>";
		};
		EAF921022548DA1400D22ACF /* youtube-onedaybuildUITests */ = {
			isa = PBXGroup;
			children = (
				EAF921032548DA1400D22ACF /* youtube_onedaybuildUITests.swift */,
				EAF921052548DA1400D22ACF /* Info.plist */,
			);
			path = "youtube-onedaybuildUITests";
			sourceTree = "<group>";
		};
/* End PBXGroup section */

/* Begin PBXNativeTarget section */
		EAF920DD2548DA1200D22ACF /* youtube-onedaybuild */ = {
			isa = PBXNativeTarget;
			buildConfigurationList = EAF921082548DA1400D22ACF /* Build configuration list for PBXNativeTarget "youtube-onedaybuild" */;
			buildPhases = (
				EAF920DA2548DA1200D22ACF /* Sources */,
				EAF920DB2548DA1200D22ACF /* Frameworks */,
				EAF920DC2548DA1200D22ACF /* Resources */,
			);
			buildRules = (
			);
			dependencies = (
			);
			name = "youtube-onedaybuild";
			productName = "youtube-onedaybuild";
			productReference = EAF920DE2548DA1200D22ACF /* youtube-onedaybuild.app */;
			productType = "com.apple.product-type.application";
		};
		EAF920F32548DA1400D22ACF /* youtube-onedaybuildTests */ = {
			isa = PBXNativeTarget;
			buildConfigurationList = EAF9210B2548DA1400D22ACF /* Build configuration list for PBXNativeTarget "youtube-onedaybuildTests" */;
			buildPhases = (
				EAF920F02548DA1400D22ACF /* Sources */,
				EAF920F12548DA1400D22ACF /* Frameworks */,
				EAF920F22548DA1400D22ACF /* Resources */,
			);
			buildRules = (
			);
			dependencies = (
				EAF920F62548DA1400D22ACF /* PBXTargetDependency */,
			);
			name = "youtube-onedaybuildTests";
			productName = "youtube-onedaybuildTests";
			productReference = EAF920F42548DA1400D22ACF /* youtube-onedaybuildTests.xctest */;
			productType = "com.apple.product-type.bundle.unit-test";
		};
		EAF920FE2548DA1400D22ACF /* youtube-onedaybuildUITests */ = {
			isa = PBXNativeTarget;
			buildConfigurationList = EAF9210E2548DA1400D22ACF /* Build configuration list for PBXNativeTarget "youtube-onedaybuildUITests" */;
			buildPhases = (
				EAF920FB2548DA1400D22ACF /* Sources */,
				EAF920FC2548DA1400D22ACF /* Frameworks */,
				EAF920FD2548DA1400D22ACF /* Resources */,
			);
			buildRules = (
			);
			dependencies = (
				EAF921012548DA1400D22ACF /* PBXTargetDependency */,
			);
			name = "youtube-onedaybuildUITests";
			productName = "youtube-onedaybuildUITests";
			productReference = EAF920FF2548DA1400D22ACF /* youtube-onedaybuildUITests.xctest */;
			productType = "com.apple.product-type.bundle.ui-testing";
		};
/* End PBXNativeTarget section */

/* Begin PBXProject section */
		EAF920D62548DA1200D22ACF /* Project object */ = {
			isa = PBXProject;
			attributes = {
				LastSwiftUpdateCheck = 1210;
				LastUpgradeCheck = 1210;
				TargetAttributes = {
					EAF920DD2548DA1200D22ACF = {
						CreatedOnToolsVersion = 12.1;
					};
					EAF920F32548DA1400D22ACF = {
						CreatedOnToolsVersion = 12.1;
						TestTargetID = EAF920DD2548DA1200D22ACF;
					};
					EAF920FE2548DA1400D22ACF = {
						CreatedOnToolsVersion = 12.1;
						TestTargetID = EAF920DD2548DA1200D22ACF;
					};
				};
			};
			buildConfigurationList = EAF920D92548DA1200D22ACF /* Build configuration list for PBXProject "youtube-onedaybuild" */;
			compatibilityVersion = "Xcode 9.3";
			developmentRegion = en;
			hasScannedForEncodings = 0;
			knownRegions = (
				en,
				Base,
			);
			mainGroup = EAF920D52548DA1200D22ACF;
			productRefGroup = EAF920DF2548DA1200D22ACF /* Products */;
			projectDirPath = "";
			projectRoot = "";
			targets = (
				EAF920DD2548DA1200D22ACF /* youtube-onedaybuild */,
				EAF920F32548DA1400D22ACF /* youtube-onedaybuildTests */,
				EAF920FE2548DA1400D22ACF /* youtube-onedaybuildUITests */,
			);
		};
/* End PBXProject section */

/* Begin PBXResourcesBuildPhase section */
		EAF920DC2548DA1200D22ACF /* Resources */ = {
			isa = PBXResourcesBuildPhase;
			buildActionMask = 2147483647;
			files = (
				EAF920EE2548DA1400D22ACF /* LaunchScreen.storyboard in Resources */,
				EAF920EB2548DA1400D22ACF /* Assets.xcassets in Resources */,
				EAF920E92548DA1200D22ACF /* Main.storyboard in Resources */,
			);
			runOnlyForDeploymentPostprocessing = 0;
		};
		EAF920F22548DA1400D22ACF /* Resources */ = {
			isa = PBXResourcesBuildPhase;
			buildActionMask = 2147483647;
			files = (
			);
			runOnlyForDeploymentPostprocessing = 0;
		};
		EAF920FD2548DA1400D22ACF /* Resources */ = {
			isa = PBXResourcesBuildPhase;
			buildActionMask = 2147483647;
			files = (
			);
			runOnlyForDeploymentPostprocessing = 0;
		};
/* End PBXResourcesBuildPhase section */

/* Begin PBXSourcesBuildPhase section */
		EAF920DA2548DA1200D22ACF /* Sources */ = {
			isa = PBXSourcesBuildPhase;
			buildActionMask = 2147483647;
			files = (
				EAF920E62548DA1200D22ACF /* ViewController.swift in Sources */,
				EAF920E22548DA1200D22ACF /* AppDelegate.swift in Sources */,
				EAF920E42548DA1200D22ACF /* SceneDelegate.swift in Sources */,
				EA637DF5254B408C00FCC983 /* Model.swift in Sources */,
				EA637DEB254B3EF200FCC983 /* Constants.swift in Sources */,
				EA637DF0254B404B00FCC983 /* Video.swift in Sources */,
				EA637DFD254B821200FCC983 /* Response.swift in Sources */,
			);
			runOnlyForDeploymentPostprocessing = 0;
		};
		EAF920F02548DA1400D22ACF /* Sources */ = {
			isa = PBXSourcesBuildPhase;
			buildActionMask = 2147483647;
			files = (
				EAF920F92548DA1400D22ACF /* youtube_onedaybuildTests.swift in Sources */,
			);
			runOnlyForDeploymentPostprocessing = 0;
		};
		EAF920FB2548DA1400D22ACF /* Sources */ = {
			isa = PBXSourcesBuildPhase;
			buildActionMask = 2147483647;
			files = (
				EAF921042548DA1400D22ACF /* youtube_onedaybuildUITests.swift in Sources */,
			);
			runOnlyForDeploymentPostprocessing = 0;
		};
/* End PBXSourcesBuildPhase section */

/* Begin PBXTargetDependency section */
		EAF920F62548DA1400D22ACF /* PBXTargetDependency */ = {
			isa = PBXTargetDependency;
			target = EAF920DD2548DA1200D22ACF /* youtube-onedaybuild */;
			targetProxy = EAF920F52548DA1400D22ACF /* PBXContainerItemProxy */;
		};
		EAF921012548DA1400D22ACF /* PBXTargetDependency */ = {
			isa = PBXTargetDependency;
			target = EAF920DD2548DA1200D22ACF /* youtube-onedaybuild */;
			targetProxy = EAF921002548DA1400D22ACF /* PBXContainerItemProxy */;
		};
/* End PBXTargetDependency section */

/* Begin PBXVariantGroup section */
		EAF920E72548DA1200D22ACF /* Main.storyboard */ = {
			isa = PBXVariantGroup;
			children = (
				EAF920E82548DA1200D22ACF /* Base */,
			);
			name = Main.storyboard;
			sourceTree = "<group>";
		};
		EAF920EC2548DA1400D22ACF /* LaunchScreen.storyboard */ = {
			isa = PBXVariantGroup;
			children = (
				EAF920ED2548DA1400D22ACF /* Base */,
			);
			name = LaunchScreen.storyboard;
			sourceTree = "<group>";
		};
/* End PBXVariantGroup section */

/* Begin XCBuildConfiguration section */
		EAF921062548DA1400D22ACF /* Debug */ = {
			isa = XCBuildConfiguration;
			buildSettings = {
				ALWAYS_SEARCH_USER_PATHS = NO;
				CLANG_ANALYZER_NONNULL = YES;
				CLANG_ANALYZER_NUMBER_OBJECT_CONVERSION = YES_AGGRESSIVE;
				CLANG_CXX_LANGUAGE_STANDARD = "gnu++14";
				CLANG_CXX_LIBRARY = "libc++";
				CLANG_ENABLE_MODULES = YES;
				CLANG_ENABLE_OBJC_ARC = YES;
				CLANG_ENABLE_OBJC_WEAK = YES;
				CLANG_WARN_BLOCK_CAPTURE_AUTORELEASING = YES;
				CLANG_WARN_BOOL_CONVERSION = YES;
				CLANG_WARN_COMMA = YES;
				CLANG_WARN_CONSTANT_CONVERSION = YES;
				CLANG_WARN_DEPRECATED_OBJC_IMPLEMENTATIONS = YES;
				CLANG_WARN_DIRECT_OBJC_ISA_USAGE = YES_ERROR;
				CLANG_WARN_DOCUMENTATION_COMMENTS = YES;
				CLANG_WARN_EMPTY_BODY = YES;
				CLANG_WARN_ENUM_CONVERSION = YES;
				CLANG_WARN_INFINITE_RECURSION = YES;
				CLANG_WARN_INT_CONVERSION = YES;
				CLANG_WARN_NON_LITERAL_NULL_CONVERSION = YES;
				CLANG_WARN_OBJC_IMPLICIT_RETAIN_SELF = YES;
				CLANG_WARN_OBJC_LITERAL_CONVERSION = YES;
				CLANG_WARN_OBJC_ROOT_CLASS = YES_ERROR;
				CLANG_WARN_QUOTED_INCLUDE_IN_FRAMEWORK_HEADER = YES;
				CLANG_WARN_RANGE_LOOP_ANALYSIS = YES;
				CLANG_WARN_STRICT_PROTOTYPES = YES;
				CLANG_WARN_SUSPICIOUS_MOVE = YES;
				CLANG_WARN_UNGUARDED_AVAILABILITY = YES_AGGRESSIVE;
				CLANG_WARN_UNREACHABLE_CODE = YES;
				CLANG_WARN__DUPLICATE_METHOD_MATCH = YES;
				COPY_PHASE_STRIP = NO;
				DEBUG_INFORMATION_FORMAT = dwarf;
				ENABLE_STRICT_OBJC_MSGSEND = YES;
				ENABLE_TESTABILITY = YES;
				GCC_C_LANGUAGE_STANDARD = gnu11;
				GCC_DYNAMIC_NO_PIC = NO;
				GCC_NO_COMMON_BLOCKS = YES;
				GCC_OPTIMIZATION_LEVEL = 0;
				GCC_PREPROCESSOR_DEFINITIONS = (
					"DEBUG=1",
					"$(inherited)",
				);
				GCC_WARN_64_TO_32_BIT_CONVERSION = YES;
				GCC_WARN_ABOUT_RETURN_TYPE = YES_ERROR;
				GCC_WARN_UNDECLARED_SELECTOR = YES;
				GCC_WARN_UNINITIALIZED_AUTOS = YES_AGGRESSIVE;
				GCC_WARN_UNUSED_FUNCTION = YES;
				GCC_WARN_UNUSED_VARIABLE = YES;
				IPHONEOS_DEPLOYMENT_TARGET = 14.1;
				MTL_ENABLE_DEBUG_INFO = INCLUDE_SOURCE;
				MTL_FAST_MATH = YES;
				ONLY_ACTIVE_ARCH = YES;
				SDKROOT = iphoneos;
				SWIFT_ACTIVE_COMPILATION_CONDITIONS = DEBUG;
				SWIFT_OPTIMIZATION_LEVEL = "-Onone";
			};
			name = Debug;
		};
		EAF921072548DA1400D22ACF /* Release */ = {
			isa = XCBuildConfiguration;
			buildSettings = {
				ALWAYS_SEARCH_USER_PATHS = NO;
				CLANG_ANALYZER_NONNULL = YES;
				CLANG_ANALYZER_NUMBER_OBJECT_CONVERSION = YES_AGGRESSIVE;
				CLANG_CXX_LANGUAGE_STANDARD = "gnu++14";
				CLANG_CXX_LIBRARY = "libc++";
				CLANG_ENABLE_MODULES = YES;
				CLANG_ENABLE_OBJC_ARC = YES;
				CLANG_ENABLE_OBJC_WEAK = YES;
				CLANG_WARN_BLOCK_CAPTURE_AUTORELEASING = YES;
				CLANG_WARN_BOOL_CONVERSION = YES;
				CLANG_WARN_COMMA = YES;
				CLANG_WARN_CONSTANT_CONVERSION = YES;
				CLANG_WARN_DEPRECATED_OBJC_IMPLEMENTATIONS = YES;
				CLANG_WARN_DIRECT_OBJC_ISA_USAGE = YES_ERROR;
				CLANG_WARN_DOCUMENTATION_COMMENTS = YES;
				CLANG_WARN_EMPTY_BODY = YES;
				CLANG_WARN_ENUM_CONVERSION = YES;
				CLANG_WARN_INFINITE_RECURSION = YES;
				CLANG_WARN_INT_CONVERSION = YES;
				CLANG_WARN_NON_LITERAL_NULL_CONVERSION = YES;
				CLANG_WARN_OBJC_IMPLICIT_RETAIN_SELF = YES;
				CLANG_WARN_OBJC_LITERAL_CONVERSION = YES;
				CLANG_WARN_OBJC_ROOT_CLASS = YES_ERROR;
				CLANG_WARN_QUOTED_INCLUDE_IN_FRAMEWORK_HEADER = YES;
				CLANG_WARN_RANGE_LOOP_ANALYSIS = YES;
				CLANG_WARN_STRICT_PROTOTYPES = YES;
				CLANG_WARN_SUSPICIOUS_MOVE = YES;
				CLANG_WARN_UNGUARDED_AVAILABILITY = YES_AGGRESSIVE;
				CLANG_WARN_UNREACHABLE_CODE = YES;
				CLANG_WARN__DUPLICATE_METHOD_MATCH = YES;
				COPY_PHASE_STRIP = NO;
				DEBUG_INFORMATION_FORMAT = "dwarf-with-dsym";
				ENABLE_NS_ASSERTIONS = NO;
				ENABLE_STRICT_OBJC_MSGSEND = YES;
				GCC_C_LANGUAGE_STANDARD = gnu11;
				GCC_NO_COMMON_BLOCKS = YES;
				GCC_WARN_64_TO_32_BIT_CONVERSION = YES;
				GCC_WARN_ABOUT_RETURN_TYPE = YES_ERROR;
				GCC_WARN_UNDECLARED_SELECTOR = YES;
				GCC_WARN_UNINITIALIZED_AUTOS = YES_AGGRESSIVE;
				GCC_WARN_UNUSED_FUNCTION = YES;
				GCC_WARN_UNUSED_VARIABLE = YES;
				IPHONEOS_DEPLOYMENT_TARGET = 14.1;
				MTL_ENABLE_DEBUG_INFO = NO;
				MTL_FAST_MATH = YES;
				SDKROOT = iphoneos;
				SWIFT_COMPILATION_MODE = wholemodule;
				SWIFT_OPTIMIZATION_LEVEL = "-O";
				VALIDATE_PRODUCT = YES;
			};
			name = Release;
		};
		EAF921092548DA1400D22ACF /* Debug */ = {
			isa = XCBuildConfiguration;
			buildSettings = {
				ASSETCATALOG_COMPILER_APPICON_NAME = AppIcon;
				ASSETCATALOG_COMPILER_GLOBAL_ACCENT_COLOR_NAME = AccentColor;
				CODE_SIGN_STYLE = Automatic;
				DEVELOPMENT_TEAM = AZ2X8YV7UR;
				INFOPLIST_FILE = "youtube-onedaybuild/Info.plist";
				LD_RUNPATH_SEARCH_PATHS = (
					"$(inherited)",
					"@executable_path/Frameworks",
				);
				PRODUCT_BUNDLE_IDENTIFIER = "com.leeaidan.youtube-onedaybuild";
				PRODUCT_NAME = "$(TARGET_NAME)";
				SWIFT_VERSION = 5.0;
				TARGETED_DEVICE_FAMILY = "1,2";
			};
			name = Debug;
		};
		EAF9210A2548DA1400D22ACF /* Release */ = {
			isa = XCBuildConfiguration;
			buildSettings = {
				ASSETCATALOG_COMPILER_APPICON_NAME = AppIcon;
				ASSETCATALOG_COMPILER_GLOBAL_ACCENT_COLOR_NAME = AccentColor;
				CODE_SIGN_STYLE = Automatic;
				DEVELOPMENT_TEAM = AZ2X8YV7UR;
				INFOPLIST_FILE = "youtube-onedaybuild/Info.plist";
				LD_RUNPATH_SEARCH_PATHS = (
					"$(inherited)",
					"@executable_path/Frameworks",
				);
				PRODUCT_BUNDLE_IDENTIFIER = "com.leeaidan.youtube-onedaybuild";
				PRODUCT_NAME = "$(TARGET_NAME)";
				SWIFT_VERSION = 5.0;
				TARGETED_DEVICE_FAMILY = "1,2";
			};
			name = Release;
		};
		EAF9210C2548DA1400D22ACF /* Debug */ = {
			isa = XCBuildConfiguration;
			buildSettings = {
				ALWAYS_EMBED_SWIFT_STANDARD_LIBRARIES = YES;
				BUNDLE_LOADER = "$(TEST_HOST)";
				CODE_SIGN_STYLE = Automatic;
				DEVELOPMENT_TEAM = AZ2X8YV7UR;
				INFOPLIST_FILE = "youtube-onedaybuildTests/Info.plist";
				IPHONEOS_DEPLOYMENT_TARGET = 14.1;
				LD_RUNPATH_SEARCH_PATHS = (
					"$(inherited)",
					"@executable_path/Frameworks",
					"@loader_path/Frameworks",
				);
				PRODUCT_BUNDLE_IDENTIFIER = "com.leeaidan.youtube-onedaybuildTests";
				PRODUCT_NAME = "$(TARGET_NAME)";
				SWIFT_VERSION = 5.0;
				TARGETED_DEVICE_FAMILY = "1,2";
				TEST_HOST = "$(BUILT_PRODUCTS_DIR)/youtube-onedaybuild.app/youtube-onedaybuild";
			};
			name = Debug;
		};
		EAF9210D2548DA1400D22ACF /* Release */ = {
			isa = XCBuildConfiguration;
			buildSettings = {
				ALWAYS_EMBED_SWIFT_STANDARD_LIBRARIES = YES;
				BUNDLE_LOADER = "$(TEST_HOST)";
				CODE_SIGN_STYLE = Automatic;
				DEVELOPMENT_TEAM = AZ2X8YV7UR;
				INFOPLIST_FILE = "youtube-onedaybuildTests/Info.plist";
				IPHONEOS_DEPLOYMENT_TARGET = 14.1;
				LD_RUNPATH_SEARCH_PATHS = (
					"$(inherited)",
					"@executable_path/Frameworks",
					"@loader_path/Frameworks",
				);
				PRODUCT_BUNDLE_IDENTIFIER = "com.leeaidan.youtube-onedaybuildTests";
				PRODUCT_NAME = "$(TARGET_NAME)";
				SWIFT_VERSION = 5.0;
				TARGETED_DEVICE_FAMILY = "1,2";
				TEST_HOST = "$(BUILT_PRODUCTS_DIR)/youtube-onedaybuild.app/youtube-onedaybuild";
			};
			name = Release;
		};
		EAF9210F2548DA1400D22ACF /* Debug */ = {
			isa = XCBuildConfiguration;
			buildSettings = {
				ALWAYS_EMBED_SWIFT_STANDARD_LIBRARIES = YES;
				CODE_SIGN_STYLE = Automatic;
				DEVELOPMENT_TEAM = AZ2X8YV7UR;
				INFOPLIST_FILE = "youtube-onedaybuildUITests/Info.plist";
				LD_RUNPATH_SEARCH_PATHS = (
					"$(inherited)",
					"@executable_path/Frameworks",
					"@loader_path/Frameworks",
				);
				PRODUCT_BUNDLE_IDENTIFIER = "com.leeaidan.youtube-onedaybuildUITests";
				PRODUCT_NAME = "$(TARGET_NAME)";
				SWIFT_VERSION = 5.0;
				TARGETED_DEVICE_FAMILY = "1,2";
				TEST_TARGET_NAME = "youtube-onedaybuild";
			};
			name = Debug;
		};
		EAF921102548DA1400D22ACF /* Release */ = {
			isa = XCBuildConfiguration;
			buildSettings = {
				ALWAYS_EMBED_SWIFT_STANDARD_LIBRARIES = YES;
				CODE_SIGN_STYLE = Automatic;
				DEVELOPMENT_TEAM = AZ2X8YV7UR;
				INFOPLIST_FILE = "youtube-onedaybuildUITests/Info.plist";
				LD_RUNPATH_SEARCH_PATHS = (
					"$(inherited)",
					"@executable_path/Frameworks",
					"@loader_path/Frameworks",
				);
				PRODUCT_BUNDLE_IDENTIFIER = "com.leeaidan.youtube-onedaybuildUITests";
				PRODUCT_NAME = "$(TARGET_NAME)";
				SWIFT_VERSION = 5.0;
				TARGETED_DEVICE_FAMILY = "1,2";
				TEST_TARGET_NAME = "youtube-onedaybuild";
			};
			name = Release;
		};
/* End XCBuildConfiguration section */

/* Begin XCConfigurationList section */
		EAF920D92548DA1200D22ACF /* Build configuration list for PBXProject "youtube-onedaybuild" */ = {
			isa = XCConfigurationList;
			buildConfigurations = (
				EAF921062548DA1400D22ACF /* Debug */,
				EAF921072548DA1400D22ACF /* Release */,
			);
			defaultConfigurationIsVisible = 0;
			defaultConfigurationName = Release;
		};
		EAF921082548DA1400D22ACF /* Build configuration list for PBXNativeTarget "youtube-onedaybuild" */ = {
			isa = XCConfigurationList;
			buildConfigurations = (
				EAF921092548DA1400D22ACF /* Debug */,
				EAF9210A2548DA1400D22ACF /* Release */,
			);
			defaultConfigurationIsVisible = 0;
			defaultConfigurationName = Release;
		};
		EAF9210B2548DA1400D22ACF /* Build configuration list for PBXNativeTarget "youtube-onedaybuildTests" */ = {
			isa = XCConfigurationList;
			buildConfigurations = (
				EAF9210C2548DA1400D22ACF /* Debug */,
				EAF9210D2548DA1400D22ACF /* Release */,
			);
			defaultConfigurationIsVisible = 0;
			defaultConfigurationName = Release;
		};
		EAF9210E2548DA1400D22ACF /* Build configuration list for PBXNativeTarget "youtube-onedaybuildUITests" */ = {
			isa = XCConfigurationList;
			buildConfigurations = (
				EAF9210F2548DA1400D22ACF /* Debug */,
				EAF921102548DA1400D22ACF /* Release */,
			);
			defaultConfigurationIsVisible = 0;
			defaultConfigurationName = Release;
		};
/* End XCConfigurationList section */
	};
	rootObject = EAF920D62548DA1200D22ACF /* Project object */;
}
