// !$*UTF8*$!
{
	archiveVersion = 1;
	classes = {
	};
	objectVersion = 52;
	objects = {

/* Begin PBXBuildFile section */
		7944E808CEC5AA86E2B4EFA2 /* Pods_playlist_pro.framework in Frameworks */ = {isa = PBXBuildFile; fileRef = FC485F5482C8A381FE9C9F74 /* Pods_playlist_pro.framework */; };
		A109017C0004E1632C771C95 /* Pods_playlist_pro_playlist_proUITests.framework in Frameworks */ = {isa = PBXBuildFile; fileRef = 587861D491B54ADB92CD17F8 /* Pods_playlist_pro_playlist_proUITests.framework */; };
		AD9E64CB8FFBD808D5F00172 /* Pods_playlist_proTests.framework in Frameworks */ = {isa = PBXBuildFile; fileRef = 405339C556A051A93C841EA5 /* Pods_playlist_proTests.framework */; };
		EA05585425AFA39600B1FF85 /* LocalFilesManager.swift in Sources */ = {isa = PBXBuildFile; fileRef = EA05585325AFA39600B1FF85 /* LocalFilesManager.swift */; };
		EA05589E25B118DF00B1FF85 /* YYTRangeSliderTrackLayer.swift in Sources */ = {isa = PBXBuildFile; fileRef = EA05589B25B118DF00B1FF85 /* YYTRangeSliderTrackLayer.swift */; };
		EA05589F25B118DF00B1FF85 /* YYTRangeSlider.swift in Sources */ = {isa = PBXBuildFile; fileRef = EA05589C25B118DF00B1FF85 /* YYTRangeSlider.swift */; };
		EA0558A025B118DF00B1FF85 /* YYTAudioPlayer.swift in Sources */ = {isa = PBXBuildFile; fileRef = EA05589D25B118DF00B1FF85 /* YYTAudioPlayer.swift */; };
		EA0558A925B118EA00B1FF85 /* SongPlaylistCell.swift in Sources */ = {isa = PBXBuildFile; fileRef = EA0558A425B118EA00B1FF85 /* SongPlaylistCell.swift */; };
		EA0558BE25B1191700B1FF85 /* MiniPlayerView.swift in Sources */ = {isa = PBXBuildFile; fileRef = EA0558BB25B1191700B1FF85 /* MiniPlayerView.swift */; };
		EA5E9E8925B4BC560026E9AE /* HomeViewController.swift in Sources */ = {isa = PBXBuildFile; fileRef = EA5E9E8825B4BC560026E9AE /* HomeViewController.swift */; };
		EA5FBE77257AAD4A00473B56 /* Video.swift in Sources */ = {isa = PBXBuildFile; fileRef = EA5FBE76257AAD4A00473B56 /* Video.swift */; };
		EA5FBEAE257BF6D100473B56 /* SpotifyAPI in Frameworks */ = {isa = PBXBuildFile; productRef = EA5FBEAD257BF6D100473B56 /* SpotifyAPI */; };
		EA5FBEBC257C02FA00473B56 /* KeychainAccess in Frameworks */ = {isa = PBXBuildFile; productRef = EA5FBEBB257C02FA00473B56 /* KeychainAccess */; };
		EA637DEB254B3EF200FCC983 /* Constants.swift in Sources */ = {isa = PBXBuildFile; fileRef = EA637DEA254B3EF200FCC983 /* Constants.swift */; };
		EA637DF5254B408C00FCC983 /* SearchModel.swift in Sources */ = {isa = PBXBuildFile; fileRef = EA637DF4254B408C00FCC983 /* SearchModel.swift */; };
		EA637DFD254B821200FCC983 /* Response.swift in Sources */ = {isa = PBXBuildFile; fileRef = EA637DFC254B821200FCC983 /* Response.swift */; };
		EA637E022550B00200FCC983 /* SearchVideoCell.swift in Sources */ = {isa = PBXBuildFile; fileRef = EA637E012550B00200FCC983 /* SearchVideoCell.swift */; };
		EA64603B25FBBE4300B73769 /* CustomSlider.swift in Sources */ = {isa = PBXBuildFile; fileRef = EA64603A25FBBE4300B73769 /* CustomSlider.swift */; };
		EA64604025FBDC3C00B73769 /* PlaylistHeaderCollectionReusableView.swift in Sources */ = {isa = PBXBuildFile; fileRef = EA64603F25FBDC3C00B73769 /* PlaylistHeaderCollectionReusableView.swift */; };
		EA64604D25FC016A00B73769 /* SongPlaylistOptionsViewController.swift in Sources */ = {isa = PBXBuildFile; fileRef = EA64604C25FC016A00B73769 /* SongPlaylistOptionsViewController.swift */; };
		EA64605525FEC41E00B73769 /* SongOptionsCell.swift in Sources */ = {isa = PBXBuildFile; fileRef = EA64605425FEC41E00B73769 /* SongOptionsCell.swift */; };
		EA64605D26000D4A00B73769 /* SongValues.swift in Sources */ = {isa = PBXBuildFile; fileRef = EA64605C26000D4A00B73769 /* SongValues.swift */; };
		EA7E3FE325A67646009A4DAE /* AccountViewController.swift in Sources */ = {isa = PBXBuildFile; fileRef = EA7E3FE225A67646009A4DAE /* AccountViewController.swift */; };
		EA8F5AD625926BC50081E9AB /* Extensions.swift in Sources */ = {isa = PBXBuildFile; fileRef = EA8F5AD525926BC50081E9AB /* Extensions.swift */; };
		EA96633425E9647700C8254C /* RepeatType.swift in Sources */ = {isa = PBXBuildFile; fileRef = EA96633325E9647700C8254C /* RepeatType.swift */; };
		EA96634B25F161BC00C8254C /* PlaylistsManager.swift in Sources */ = {isa = PBXBuildFile; fileRef = EA96634A25F161BC00C8254C /* PlaylistsManager.swift */; };
		EA9D945025938AA80057493D /* AuthSplashScreenViewController.swift in Sources */ = {isa = PBXBuildFile; fileRef = EA9D944F25938AA80057493D /* AuthSplashScreenViewController.swift */; };
		EABA043525B731AC000BF883 /* SpotifyImportViewController.swift in Sources */ = {isa = PBXBuildFile; fileRef = EABA043425B731AC000BF883 /* SpotifyImportViewController.swift */; };
		EAC06DD425DC1CA300E86162 /* PlaylistContentsViewController.swift in Sources */ = {isa = PBXBuildFile; fileRef = EAC06DD325DC1CA300E86162 /* PlaylistContentsViewController.swift */; };
		EAC06DE025DC1CE800E86162 /* HapticsManager.swift in Sources */ = {isa = PBXBuildFile; fileRef = EAC06DDF25DC1CE800E86162 /* HapticsManager.swift */; };
		EAC06DE525DC1D4F00E86162 /* TabBarViewController.swift in Sources */ = {isa = PBXBuildFile; fileRef = EAC06DE425DC1D4F00E86162 /* TabBarViewController.swift */; };
		EAC06E0725DC356B00E86162 /* Playlist.swift in Sources */ = {isa = PBXBuildFile; fileRef = EAC06E0425DC356B00E86162 /* Playlist.swift */; };
		EAC06E0825DC356B00E86162 /* LibraryManager.swift in Sources */ = {isa = PBXBuildFile; fileRef = EAC06E0525DC356B00E86162 /* LibraryManager.swift */; };
		EAC06E0925DC356B00E86162 /* QueueManager.swift in Sources */ = {isa = PBXBuildFile; fileRef = EAC06E0625DC356B00E86162 /* QueueManager.swift */; };
		EAC06E4025DD92FA00E86162 /* NowPlayingViewController.swift in Sources */ = {isa = PBXBuildFile; fileRef = EAC06E3F25DD92FA00E86162 /* NowPlayingViewController.swift */; };
		EAC06E4B25DEB25E00E86162 /* DismissAnimator.swift in Sources */ = {isa = PBXBuildFile; fileRef = EAC06E4A25DEB25E00E86162 /* DismissAnimator.swift */; };
		EAC06E5025DEB42B00E86162 /* Interactor.swift in Sources */ = {isa = PBXBuildFile; fileRef = EAC06E4F25DEB42B00E86162 /* Interactor.swift */; };
		EAC06E5525DEC34B00E86162 /* QueueViewController.swift in Sources */ = {isa = PBXBuildFile; fileRef = EAC06E5425DEC34B00E86162 /* QueueViewController.swift */; };
		EAC06E5F25DEFEB600E86162 /* CreatePlaylistViewController.swift in Sources */ = {isa = PBXBuildFile; fileRef = EAC06E5E25DEFEB600E86162 /* CreatePlaylistViewController.swift */; };
		EAC2DC9025AB862A006EA7AF /* Alamofire in Frameworks */ = {isa = PBXBuildFile; productRef = EAC2DC8F25AB862A006EA7AF /* Alamofire */; };
		EAC2DC9625AB86F5006EA7AF /* XCDYouTubeKit in Frameworks */ = {isa = PBXBuildFile; productRef = EAC2DC9525AB86F5006EA7AF /* XCDYouTubeKit */; };
		EADD20712601904F002AA641 /* AddToPlaylistViewController.swift in Sources */ = {isa = PBXBuildFile; fileRef = EADD20702601904F002AA641 /* AddToPlaylistViewController.swift */; };
		EAE145B025858AFE00C09FE9 /* LibraryViewController.swift in Sources */ = {isa = PBXBuildFile; fileRef = EAE145AF25858AFE00C09FE9 /* LibraryViewController.swift */; };
		EAE145BC25858C5C00C09FE9 /* RegistrationViewController.swift in Sources */ = {isa = PBXBuildFile; fileRef = EAE145BB25858C5C00C09FE9 /* RegistrationViewController.swift */; };
		EAE145E22585933000C09FE9 /* GoogleService-Info.plist in Resources */ = {isa = PBXBuildFile; fileRef = EAE145E12585933000C09FE9 /* GoogleService-Info.plist */; };
		EAE145E7258593A600C09FE9 /* LoginViewController.swift in Sources */ = {isa = PBXBuildFile; fileRef = EAE145E6258593A600C09FE9 /* LoginViewController.swift */; };
		EAE145F52585966D00C09FE9 /* DatabaseManager.swift in Sources */ = {isa = PBXBuildFile; fileRef = EAE145F42585966D00C09FE9 /* DatabaseManager.swift */; };
		EAE145FA2585970200C09FE9 /* AuthManager.swift in Sources */ = {isa = PBXBuildFile; fileRef = EAE145F92585970200C09FE9 /* AuthManager.swift */; };
		EAE431442550B6F700E5AEBF /* CacheManager.swift in Sources */ = {isa = PBXBuildFile; fileRef = EAE431432550B6F700E5AEBF /* CacheManager.swift */; };
		EAE4314E2550BD4C00E5AEBF /* DateHelper.swift in Sources */ = {isa = PBXBuildFile; fileRef = EAE4314D2550BD4C00E5AEBF /* DateHelper.swift */; };
		EAF920E22548DA1200D22ACF /* AppDelegate.swift in Sources */ = {isa = PBXBuildFile; fileRef = EAF920E12548DA1200D22ACF /* AppDelegate.swift */; };
		EAF920E42548DA1200D22ACF /* SceneDelegate.swift in Sources */ = {isa = PBXBuildFile; fileRef = EAF920E32548DA1200D22ACF /* SceneDelegate.swift */; };
		EAF920E62548DA1200D22ACF /* SearchViewController.swift in Sources */ = {isa = PBXBuildFile; fileRef = EAF920E52548DA1200D22ACF /* SearchViewController.swift */; };
		EAF920EB2548DA1400D22ACF /* Assets.xcassets in Resources */ = {isa = PBXBuildFile; fileRef = EAF920EA2548DA1400D22ACF /* Assets.xcassets */; };
		EAF920F92548DA1400D22ACF /* playlist-proTests.swift in Sources */ = {isa = PBXBuildFile; fileRef = EAF920F82548DA1400D22ACF /* playlist-proTests.swift */; };
		EAF921042548DA1400D22ACF /* playlist-proUITests.swift in Sources */ = {isa = PBXBuildFile; fileRef = EAF921032548DA1400D22ACF /* playlist-proUITests.swift */; };
/* End PBXBuildFile section */

/* Begin PBXContainerItemProxy section */
		EAF920F52548DA1400D22ACF /* PBXContainerItemProxy */ = {
			isa = PBXContainerItemProxy;
			containerPortal = EAF920D62548DA1200D22ACF /* Project object */;
			proxyType = 1;
			remoteGlobalIDString = EAF920DD2548DA1200D22ACF;
			remoteInfo = "youtube-onedaybuild";
		};
		EAF921002548DA1400D22ACF /* PBXContainerItemProxy */ = {
			isa = PBXContainerItemProxy;
			containerPortal = EAF920D62548DA1200D22ACF /* Project object */;
			proxyType = 1;
			remoteGlobalIDString = EAF920DD2548DA1200D22ACF;
			remoteInfo = "youtube-onedaybuild";
		};
/* End PBXContainerItemProxy section */

/* Begin PBXFileReference section */
		0A2E14E8427BE7F18E58AB8D /* Pods-playlist-pro.release.xcconfig */ = {isa = PBXFileReference; includeInIndex = 1; lastKnownFileType = text.xcconfig; name = "Pods-playlist-pro.release.xcconfig"; path = "Target Support Files/Pods-playlist-pro/Pods-playlist-pro.release.xcconfig"; sourceTree = "<group>"; };
		405339C556A051A93C841EA5 /* Pods_playlist_proTests.framework */ = {isa = PBXFileReference; explicitFileType = wrapper.framework; includeInIndex = 0; path = Pods_playlist_proTests.framework; sourceTree = BUILT_PRODUCTS_DIR; };
		527929BA0E140EE019D3B7D0 /* Pods-playlist-pro.debug.xcconfig */ = {isa = PBXFileReference; includeInIndex = 1; lastKnownFileType = text.xcconfig; name = "Pods-playlist-pro.debug.xcconfig"; path = "Target Support Files/Pods-playlist-pro/Pods-playlist-pro.debug.xcconfig"; sourceTree = "<group>"; };
		587861D491B54ADB92CD17F8 /* Pods_playlist_pro_playlist_proUITests.framework */ = {isa = PBXFileReference; explicitFileType = wrapper.framework; includeInIndex = 0; path = Pods_playlist_pro_playlist_proUITests.framework; sourceTree = BUILT_PRODUCTS_DIR; };
		62A505E2D04BC6C27B6F0749 /* Pods-playlist-pro-playlist-proUITests.debug.xcconfig */ = {isa = PBXFileReference; includeInIndex = 1; lastKnownFileType = text.xcconfig; name = "Pods-playlist-pro-playlist-proUITests.debug.xcconfig"; path = "Target Support Files/Pods-playlist-pro-playlist-proUITests/Pods-playlist-pro-playlist-proUITests.debug.xcconfig"; sourceTree = "<group>"; };
		75118F85FB2F4DA01834389D /* Pods-playlist-pro-playlist-proUITests.release.xcconfig */ = {isa = PBXFileReference; includeInIndex = 1; lastKnownFileType = text.xcconfig; name = "Pods-playlist-pro-playlist-proUITests.release.xcconfig"; path = "Target Support Files/Pods-playlist-pro-playlist-proUITests/Pods-playlist-pro-playlist-proUITests.release.xcconfig"; sourceTree = "<group>"; };
		884DE58F5C94A45ACFCEB519 /* Pods-playlist-proTests.debug.xcconfig */ = {isa = PBXFileReference; includeInIndex = 1; lastKnownFileType = text.xcconfig; name = "Pods-playlist-proTests.debug.xcconfig"; path = "Target Support Files/Pods-playlist-proTests/Pods-playlist-proTests.debug.xcconfig"; sourceTree = "<group>"; };
		A95D6CE724D8BF85D535485D /* Pods-playlist-proTests.release.xcconfig */ = {isa = PBXFileReference; includeInIndex = 1; lastKnownFileType = text.xcconfig; name = "Pods-playlist-proTests.release.xcconfig"; path = "Target Support Files/Pods-playlist-proTests/Pods-playlist-proTests.release.xcconfig"; sourceTree = "<group>"; };
		EA05585325AFA39600B1FF85 /* LocalFilesManager.swift */ = {isa = PBXFileReference; fileEncoding = 4; lastKnownFileType = sourcecode.swift; path = LocalFilesManager.swift; sourceTree = "<group>"; };
		EA05589B25B118DF00B1FF85 /* YYTRangeSliderTrackLayer.swift */ = {isa = PBXFileReference; fileEncoding = 4; lastKnownFileType = sourcecode.swift; path = YYTRangeSliderTrackLayer.swift; sourceTree = "<group>"; };
		EA05589C25B118DF00B1FF85 /* YYTRangeSlider.swift */ = {isa = PBXFileReference; fileEncoding = 4; lastKnownFileType = sourcecode.swift; path = YYTRangeSlider.swift; sourceTree = "<group>"; };
		EA05589D25B118DF00B1FF85 /* YYTAudioPlayer.swift */ = {isa = PBXFileReference; fileEncoding = 4; lastKnownFileType = sourcecode.swift; path = YYTAudioPlayer.swift; sourceTree = "<group>"; };
		EA0558A425B118EA00B1FF85 /* SongPlaylistCell.swift */ = {isa = PBXFileReference; fileEncoding = 4; lastKnownFileType = sourcecode.swift; path = SongPlaylistCell.swift; sourceTree = "<group>"; };
		EA0558BB25B1191700B1FF85 /* MiniPlayerView.swift */ = {isa = PBXFileReference; fileEncoding = 4; lastKnownFileType = sourcecode.swift; path = MiniPlayerView.swift; sourceTree = "<group>"; };
		EA5E9E8825B4BC560026E9AE /* HomeViewController.swift */ = {isa = PBXFileReference; fileEncoding = 4; lastKnownFileType = sourcecode.swift; path = HomeViewController.swift; sourceTree = "<group>"; };
		EA5FBE76257AAD4A00473B56 /* Video.swift */ = {isa = PBXFileReference; lastKnownFileType = sourcecode.swift; path = Video.swift; sourceTree = "<group>"; };
		EA637DEA254B3EF200FCC983 /* Constants.swift */ = {isa = PBXFileReference; lastKnownFileType = sourcecode.swift; path = Constants.swift; sourceTree = "<group>"; };
		EA637DF4254B408C00FCC983 /* SearchModel.swift */ = {isa = PBXFileReference; lastKnownFileType = sourcecode.swift; path = SearchModel.swift; sourceTree = "<group>"; };
		EA637DFC254B821200FCC983 /* Response.swift */ = {isa = PBXFileReference; lastKnownFileType = sourcecode.swift; path = Response.swift; sourceTree = "<group>"; };
		EA637E012550B00200FCC983 /* SearchVideoCell.swift */ = {isa = PBXFileReference; lastKnownFileType = sourcecode.swift; path = SearchVideoCell.swift; sourceTree = "<group>"; };
		EA64603A25FBBE4300B73769 /* CustomSlider.swift */ = {isa = PBXFileReference; lastKnownFileType = sourcecode.swift; path = CustomSlider.swift; sourceTree = "<group>"; };
		EA64603F25FBDC3C00B73769 /* PlaylistHeaderCollectionReusableView.swift */ = {isa = PBXFileReference; fileEncoding = 4; lastKnownFileType = sourcecode.swift; path = PlaylistHeaderCollectionReusableView.swift; sourceTree = "<group>"; };
		EA64604C25FC016A00B73769 /* SongPlaylistOptionsViewController.swift */ = {isa = PBXFileReference; lastKnownFileType = sourcecode.swift; name = SongPlaylistOptionsViewController.swift; path = "playlist-pro/Controllers/SongPlaylistOptionsViewController.swift"; sourceTree = SOURCE_ROOT; };
		EA64605425FEC41E00B73769 /* SongOptionsCell.swift */ = {isa = PBXFileReference; lastKnownFileType = sourcecode.swift; path = SongOptionsCell.swift; sourceTree = "<group>"; };
		EA64605C26000D4A00B73769 /* SongValues.swift */ = {isa = PBXFileReference; lastKnownFileType = sourcecode.swift; path = SongValues.swift; sourceTree = "<group>"; };
		EA7E3FE225A67646009A4DAE /* AccountViewController.swift */ = {isa = PBXFileReference; lastKnownFileType = sourcecode.swift; path = AccountViewController.swift; sourceTree = "<group>"; };
		EA8F5AD525926BC50081E9AB /* Extensions.swift */ = {isa = PBXFileReference; lastKnownFileType = sourcecode.swift; path = Extensions.swift; sourceTree = "<group>"; };
		EA96633325E9647700C8254C /* RepeatType.swift */ = {isa = PBXFileReference; lastKnownFileType = sourcecode.swift; path = RepeatType.swift; sourceTree = "<group>"; };
		EA96634A25F161BC00C8254C /* PlaylistsManager.swift */ = {isa = PBXFileReference; lastKnownFileType = sourcecode.swift; path = PlaylistsManager.swift; sourceTree = "<group>"; };
		EA9D944F25938AA80057493D /* AuthSplashScreenViewController.swift */ = {isa = PBXFileReference; lastKnownFileType = sourcecode.swift; path = AuthSplashScreenViewController.swift; sourceTree = "<group>"; };
		EABA043425B731AC000BF883 /* SpotifyImportViewController.swift */ = {isa = PBXFileReference; lastKnownFileType = sourcecode.swift; path = SpotifyImportViewController.swift; sourceTree = "<group>"; };
		EAC06DD325DC1CA300E86162 /* PlaylistContentsViewController.swift */ = {isa = PBXFileReference; lastKnownFileType = sourcecode.swift; path = PlaylistContentsViewController.swift; sourceTree = "<group>"; };
		EAC06DDF25DC1CE800E86162 /* HapticsManager.swift */ = {isa = PBXFileReference; lastKnownFileType = sourcecode.swift; path = HapticsManager.swift; sourceTree = "<group>"; };
		EAC06DE425DC1D4F00E86162 /* TabBarViewController.swift */ = {isa = PBXFileReference; lastKnownFileType = sourcecode.swift; path = TabBarViewController.swift; sourceTree = "<group>"; };
		EAC06E0425DC356B00E86162 /* Playlist.swift */ = {isa = PBXFileReference; fileEncoding = 4; lastKnownFileType = sourcecode.swift; path = Playlist.swift; sourceTree = "<group>"; };
		EAC06E0525DC356B00E86162 /* LibraryManager.swift */ = {isa = PBXFileReference; fileEncoding = 4; lastKnownFileType = sourcecode.swift; path = LibraryManager.swift; sourceTree = "<group>"; };
		EAC06E0625DC356B00E86162 /* QueueManager.swift */ = {isa = PBXFileReference; fileEncoding = 4; lastKnownFileType = sourcecode.swift; path = QueueManager.swift; sourceTree = "<group>"; };
		EAC06E3F25DD92FA00E86162 /* NowPlayingViewController.swift */ = {isa = PBXFileReference; lastKnownFileType = sourcecode.swift; path = NowPlayingViewController.swift; sourceTree = "<group>"; };
		EAC06E4A25DEB25E00E86162 /* DismissAnimator.swift */ = {isa = PBXFileReference; lastKnownFileType = sourcecode.swift; path = DismissAnimator.swift; sourceTree = "<group>"; };
		EAC06E4F25DEB42B00E86162 /* Interactor.swift */ = {isa = PBXFileReference; lastKnownFileType = sourcecode.swift; path = Interactor.swift; sourceTree = "<group>"; };
		EAC06E5425DEC34B00E86162 /* QueueViewController.swift */ = {isa = PBXFileReference; lastKnownFileType = sourcecode.swift; path = QueueViewController.swift; sourceTree = "<group>"; };
		EAC06E5E25DEFEB600E86162 /* CreatePlaylistViewController.swift */ = {isa = PBXFileReference; lastKnownFileType = sourcecode.swift; path = CreatePlaylistViewController.swift; sourceTree = "<group>"; };
		EADD20702601904F002AA641 /* AddToPlaylistViewController.swift */ = {isa = PBXFileReference; lastKnownFileType = sourcecode.swift; path = AddToPlaylistViewController.swift; sourceTree = "<group>"; };
		EAE145AF25858AFE00C09FE9 /* LibraryViewController.swift */ = {isa = PBXFileReference; lastKnownFileType = sourcecode.swift; path = LibraryViewController.swift; sourceTree = "<group>"; };
		EAE145BB25858C5C00C09FE9 /* RegistrationViewController.swift */ = {isa = PBXFileReference; lastKnownFileType = sourcecode.swift; path = RegistrationViewController.swift; sourceTree = "<group>"; };
		EAE145E12585933000C09FE9 /* GoogleService-Info.plist */ = {isa = PBXFileReference; fileEncoding = 4; lastKnownFileType = text.plist.xml; path = "GoogleService-Info.plist"; sourceTree = "<group>"; };
		EAE145E6258593A600C09FE9 /* LoginViewController.swift */ = {isa = PBXFileReference; lastKnownFileType = sourcecode.swift; path = LoginViewController.swift; sourceTree = "<group>"; };
		EAE145F42585966D00C09FE9 /* DatabaseManager.swift */ = {isa = PBXFileReference; lastKnownFileType = sourcecode.swift; path = DatabaseManager.swift; sourceTree = "<group>"; };
		EAE145F92585970200C09FE9 /* AuthManager.swift */ = {isa = PBXFileReference; lastKnownFileType = sourcecode.swift; path = AuthManager.swift; sourceTree = "<group>"; };
		EAE431432550B6F700E5AEBF /* CacheManager.swift */ = {isa = PBXFileReference; lastKnownFileType = sourcecode.swift; path = CacheManager.swift; sourceTree = "<group>"; };
		EAE4314D2550BD4C00E5AEBF /* DateHelper.swift */ = {isa = PBXFileReference; lastKnownFileType = sourcecode.swift; path = DateHelper.swift; sourceTree = "<group>"; };
		EAF920DE2548DA1200D22ACF /* playlist-pro.app */ = {isa = PBXFileReference; explicitFileType = wrapper.application; includeInIndex = 0; path = "playlist-pro.app"; sourceTree = BUILT_PRODUCTS_DIR; };
		EAF920E12548DA1200D22ACF /* AppDelegate.swift */ = {isa = PBXFileReference; lastKnownFileType = sourcecode.swift; path = AppDelegate.swift; sourceTree = "<group>"; };
		EAF920E32548DA1200D22ACF /* SceneDelegate.swift */ = {isa = PBXFileReference; lastKnownFileType = sourcecode.swift; path = SceneDelegate.swift; sourceTree = "<group>"; };
		EAF920E52548DA1200D22ACF /* SearchViewController.swift */ = {isa = PBXFileReference; lastKnownFileType = sourcecode.swift; path = SearchViewController.swift; sourceTree = "<group>"; };
		EAF920EA2548DA1400D22ACF /* Assets.xcassets */ = {isa = PBXFileReference; lastKnownFileType = folder.assetcatalog; path = Assets.xcassets; sourceTree = "<group>"; };
		EAF920EF2548DA1400D22ACF /* Info.plist */ = {isa = PBXFileReference; lastKnownFileType = text.plist.xml; path = Info.plist; sourceTree = "<group>"; };
		EAF920F42548DA1400D22ACF /* playlist-proTests.xctest */ = {isa = PBXFileReference; explicitFileType = wrapper.cfbundle; includeInIndex = 0; path = "playlist-proTests.xctest"; sourceTree = BUILT_PRODUCTS_DIR; };
		EAF920F82548DA1400D22ACF /* playlist-proTests.swift */ = {isa = PBXFileReference; lastKnownFileType = sourcecode.swift; path = "playlist-proTests.swift"; sourceTree = "<group>"; };
		EAF920FA2548DA1400D22ACF /* Info.plist */ = {isa = PBXFileReference; lastKnownFileType = text.plist.xml; path = Info.plist; sourceTree = "<group>"; };
		EAF920FF2548DA1400D22ACF /* playlist-proUITests.xctest */ = {isa = PBXFileReference; explicitFileType = wrapper.cfbundle; includeInIndex = 0; path = "playlist-proUITests.xctest"; sourceTree = BUILT_PRODUCTS_DIR; };
		EAF921032548DA1400D22ACF /* playlist-proUITests.swift */ = {isa = PBXFileReference; lastKnownFileType = sourcecode.swift; path = "playlist-proUITests.swift"; sourceTree = "<group>"; };
		EAF921052548DA1400D22ACF /* Info.plist */ = {isa = PBXFileReference; lastKnownFileType = text.plist.xml; path = Info.plist; sourceTree = "<group>"; };
		FC485F5482C8A381FE9C9F74 /* Pods_playlist_pro.framework */ = {isa = PBXFileReference; explicitFileType = wrapper.framework; includeInIndex = 0; path = Pods_playlist_pro.framework; sourceTree = BUILT_PRODUCTS_DIR; };
/* End PBXFileReference section */

/* Begin PBXFrameworksBuildPhase section */
		EAF920DB2548DA1200D22ACF /* Frameworks */ = {
			isa = PBXFrameworksBuildPhase;
			buildActionMask = 2147483647;
			files = (
				EA5FBEBC257C02FA00473B56 /* KeychainAccess in Frameworks */,
				EAC2DC9025AB862A006EA7AF /* Alamofire in Frameworks */,
				EA5FBEAE257BF6D100473B56 /* SpotifyAPI in Frameworks */,
				EAC2DC9625AB86F5006EA7AF /* XCDYouTubeKit in Frameworks */,
				7944E808CEC5AA86E2B4EFA2 /* Pods_playlist_pro.framework in Frameworks */,
			);
			runOnlyForDeploymentPostprocessing = 0;
		};
		EAF920F12548DA1400D22ACF /* Frameworks */ = {
			isa = PBXFrameworksBuildPhase;
			buildActionMask = 2147483647;
			files = (
				AD9E64CB8FFBD808D5F00172 /* Pods_playlist_proTests.framework in Frameworks */,
			);
			runOnlyForDeploymentPostprocessing = 0;
		};
		EAF920FC2548DA1400D22ACF /* Frameworks */ = {
			isa = PBXFrameworksBuildPhase;
			buildActionMask = 2147483647;
			files = (
				A109017C0004E1632C771C95 /* Pods_playlist_pro_playlist_proUITests.framework in Frameworks */,
			);
			runOnlyForDeploymentPostprocessing = 0;
		};
/* End PBXFrameworksBuildPhase section */

/* Begin PBXGroup section */
		7688E60752CD4DDA80B0D734 /* Frameworks */ = {
			isa = PBXGroup;
			children = (
				FC485F5482C8A381FE9C9F74 /* Pods_playlist_pro.framework */,
				587861D491B54ADB92CD17F8 /* Pods_playlist_pro_playlist_proUITests.framework */,
				405339C556A051A93C841EA5 /* Pods_playlist_proTests.framework */,
			);
			name = Frameworks;
			sourceTree = "<group>";
		};
		83C332628FAD8C8F4270CFB3 /* Pods */ = {
			isa = PBXGroup;
			children = (
				527929BA0E140EE019D3B7D0 /* Pods-playlist-pro.debug.xcconfig */,
				0A2E14E8427BE7F18E58AB8D /* Pods-playlist-pro.release.xcconfig */,
				62A505E2D04BC6C27B6F0749 /* Pods-playlist-pro-playlist-proUITests.debug.xcconfig */,
				75118F85FB2F4DA01834389D /* Pods-playlist-pro-playlist-proUITests.release.xcconfig */,
				884DE58F5C94A45ACFCEB519 /* Pods-playlist-proTests.debug.xcconfig */,
				A95D6CE724D8BF85D535485D /* Pods-playlist-proTests.release.xcconfig */,
			);
			path = Pods;
			sourceTree = "<group>";
		};
		EA0558D225B11EBE00B1FF85 /* Search */ = {
			isa = PBXGroup;
			children = (
				EA5FBE76257AAD4A00473B56 /* Video.swift */,
				EA637DFC254B821200FCC983 /* Response.swift */,
				EA637DF4254B408C00FCC983 /* SearchModel.swift */,
			);
			path = Search;
			sourceTree = "<group>";
		};
		EA637E072550B01D00FCC983 /* Views */ = {
			isa = PBXGroup;
			children = (
				EA637E012550B00200FCC983 /* SearchVideoCell.swift */,
				EA64603F25FBDC3C00B73769 /* PlaylistHeaderCollectionReusableView.swift */,
				EA0558A425B118EA00B1FF85 /* SongPlaylistCell.swift */,
				EA64605425FEC41E00B73769 /* SongOptionsCell.swift */,
				EA0558BB25B1191700B1FF85 /* MiniPlayerView.swift */,
				EA05589B25B118DF00B1FF85 /* YYTRangeSliderTrackLayer.swift */,
				EA05589C25B118DF00B1FF85 /* YYTRangeSlider.swift */,
				EA64603A25FBBE4300B73769 /* CustomSlider.swift */,
			);
			path = Views;
			sourceTree = "<group>";
		};
		EA637E082550B02300FCC983 /* Models */ = {
			isa = PBXGroup;
			children = (
				EAC06E0425DC356B00E86162 /* Playlist.swift */,
				EA05589D25B118DF00B1FF85 /* YYTAudioPlayer.swift */,
				EA96633325E9647700C8254C /* RepeatType.swift */,
				EA0558D225B11EBE00B1FF85 /* Search */,
			);
			path = Models;
			sourceTree = "<group>";
		};
		EABA042925B73073000BF883 /* Controllers */ = {
			isa = PBXGroup;
			children = (
				EAC06DD225DC1C6600E86162 /* Core */,
				EA7E3FE225A67646009A4DAE /* AccountViewController.swift */,
				EABA043425B731AC000BF883 /* SpotifyImportViewController.swift */,
				EA64604C25FC016A00B73769 /* SongPlaylistOptionsViewController.swift */,
				EAC06DD325DC1CA300E86162 /* PlaylistContentsViewController.swift */,
				EAC06E5E25DEFEB600E86162 /* CreatePlaylistViewController.swift */,
				EAE145EC258593B400C09FE9 /* Onboarding */,
				EAC06E3F25DD92FA00E86162 /* NowPlayingViewController.swift */,
				EAC06E5425DEC34B00E86162 /* QueueViewController.swift */,
				EADD20702601904F002AA641 /* AddToPlaylistViewController.swift */,
			);
			path = Controllers;
			sourceTree = "<group>";
		};
		EAC06DD225DC1C6600E86162 /* Core */ = {
			isa = PBXGroup;
			children = (
				EAC06DE425DC1D4F00E86162 /* TabBarViewController.swift */,
				EA5E9E8825B4BC560026E9AE /* HomeViewController.swift */,
				EAF920E52548DA1200D22ACF /* SearchViewController.swift */,
				EAE145AF25858AFE00C09FE9 /* LibraryViewController.swift */,
			);
			path = Core;
			sourceTree = "<group>";
		};
		EAC06DDE25DC1CBC00E86162 /* Managers */ = {
			isa = PBXGroup;
			children = (
				EAE145F92585970200C09FE9 /* AuthManager.swift */,
				EAE145F42585966D00C09FE9 /* DatabaseManager.swift */,
				EA05585325AFA39600B1FF85 /* LocalFilesManager.swift */,
				EAE431432550B6F700E5AEBF /* CacheManager.swift */,
				EAC06DDF25DC1CE800E86162 /* HapticsManager.swift */,
				EAC06E0525DC356B00E86162 /* LibraryManager.swift */,
				EA96634A25F161BC00C8254C /* PlaylistsManager.swift */,
				EAC06E0625DC356B00E86162 /* QueueManager.swift */,
			);
			path = Managers;
			sourceTree = "<group>";
		};
		EAE145A32585890800C09FE9 /* Resources */ = {
			isa = PBXGroup;
			children = (
				EAE145E12585933000C09FE9 /* GoogleService-Info.plist */,
				EAF920E12548DA1200D22ACF /* AppDelegate.swift */,
				EAF920E32548DA1200D22ACF /* SceneDelegate.swift */,
				EA8F5AD525926BC50081E9AB /* Extensions.swift */,
				EA637DEA254B3EF200FCC983 /* Constants.swift */,
				EA64605C26000D4A00B73769 /* SongValues.swift */,
				EAE4314D2550BD4C00E5AEBF /* DateHelper.swift */,
				EAF920EA2548DA1400D22ACF /* Assets.xcassets */,
				EAC06E4A25DEB25E00E86162 /* DismissAnimator.swift */,
				EAC06E4F25DEB42B00E86162 /* Interactor.swift */,
			);
			path = Resources;
			sourceTree = "<group>";
		};
		EAE145EC258593B400C09FE9 /* Onboarding */ = {
			isa = PBXGroup;
			children = (
				EA9D944F25938AA80057493D /* AuthSplashScreenViewController.swift */,
				EAE145BB25858C5C00C09FE9 /* RegistrationViewController.swift */,
				EAE145E6258593A600C09FE9 /* LoginViewController.swift */,
			);
			path = Onboarding;
			sourceTree = "<group>";
		};
		EAF920D52548DA1200D22ACF = {
			isa = PBXGroup;
			children = (
				EAF920E02548DA1200D22ACF /* playlist-pro */,
				EAF920F72548DA1400D22ACF /* playlist-proTests */,
				EAF921022548DA1400D22ACF /* playlist-proUITests */,
				EAF920DF2548DA1200D22ACF /* Products */,
				83C332628FAD8C8F4270CFB3 /* Pods */,
				7688E60752CD4DDA80B0D734 /* Frameworks */,
			);
			sourceTree = "<group>";
		};
		EAF920DF2548DA1200D22ACF /* Products */ = {
			isa = PBXGroup;
			children = (
				EAF920DE2548DA1200D22ACF /* playlist-pro.app */,
				EAF920F42548DA1400D22ACF /* playlist-proTests.xctest */,
				EAF920FF2548DA1400D22ACF /* playlist-proUITests.xctest */,
			);
			name = Products;
			sourceTree = "<group>";
		};
		EAF920E02548DA1200D22ACF /* playlist-pro */ = {
			isa = PBXGroup;
			children = (
				EAC06DDE25DC1CBC00E86162 /* Managers */,
				EAE145A32585890800C09FE9 /* Resources */,
				EA637E082550B02300FCC983 /* Models */,
				EA637E072550B01D00FCC983 /* Views */,
				EABA042925B73073000BF883 /* Controllers */,
				EAF920EF2548DA1400D22ACF /* Info.plist */,
			);
			path = "playlist-pro";
			sourceTree = "<group>";
		};
		EAF920F72548DA1400D22ACF /* playlist-proTests */ = {
			isa = PBXGroup;
			children = (
				EAF920F82548DA1400D22ACF /* playlist-proTests.swift */,
				EAF920FA2548DA1400D22ACF /* Info.plist */,
			);
			path = "playlist-proTests";
			sourceTree = "<group>";
		};
		EAF921022548DA1400D22ACF /* playlist-proUITests */ = {
			isa = PBXGroup;
			children = (
				EAF921032548DA1400D22ACF /* playlist-proUITests.swift */,
				EAF921052548DA1400D22ACF /* Info.plist */,
			);
			path = "playlist-proUITests";
			sourceTree = "<group>";
		};
/* End PBXGroup section */

/* Begin PBXNativeTarget section */
		EAF920DD2548DA1200D22ACF /* playlist-pro */ = {
			isa = PBXNativeTarget;
			buildConfigurationList = EAF921082548DA1400D22ACF /* Build configuration list for PBXNativeTarget "playlist-pro" */;
			buildPhases = (
				FBD67BB60E728366E8090640 /* [CP] Check Pods Manifest.lock */,
				EAF920DA2548DA1200D22ACF /* Sources */,
				EAF920DB2548DA1200D22ACF /* Frameworks */,
				EAF920DC2548DA1200D22ACF /* Resources */,
				6B8C1D8E19DEEC9B45493D5D /* [CP] Embed Pods Frameworks */,
			);
			buildRules = (
			);
			dependencies = (
			);
			name = "playlist-pro";
			packageProductDependencies = (
				EA5FBEAD257BF6D100473B56 /* SpotifyAPI */,
				EA5FBEBB257C02FA00473B56 /* KeychainAccess */,
				EAC2DC8F25AB862A006EA7AF /* Alamofire */,
				EAC2DC9525AB86F5006EA7AF /* XCDYouTubeKit */,
			);
			productName = "youtube-onedaybuild";
			productReference = EAF920DE2548DA1200D22ACF /* playlist-pro.app */;
			productType = "com.apple.product-type.application";
		};
		EAF920F32548DA1400D22ACF /* playlist-proTests */ = {
			isa = PBXNativeTarget;
			buildConfigurationList = EAF9210B2548DA1400D22ACF /* Build configuration list for PBXNativeTarget "playlist-proTests" */;
			buildPhases = (
				9B9638879471D62501914583 /* [CP] Check Pods Manifest.lock */,
				EAF920F02548DA1400D22ACF /* Sources */,
				EAF920F12548DA1400D22ACF /* Frameworks */,
				EAF920F22548DA1400D22ACF /* Resources */,
			);
			buildRules = (
			);
			dependencies = (
				EAF920F62548DA1400D22ACF /* PBXTargetDependency */,
			);
			name = "playlist-proTests";
			productName = "youtube-onedaybuildTests";
			productReference = EAF920F42548DA1400D22ACF /* playlist-proTests.xctest */;
			productType = "com.apple.product-type.bundle.unit-test";
		};
		EAF920FE2548DA1400D22ACF /* playlist-proUITests */ = {
			isa = PBXNativeTarget;
			buildConfigurationList = EAF9210E2548DA1400D22ACF /* Build configuration list for PBXNativeTarget "playlist-proUITests" */;
			buildPhases = (
				D608B7A5236CFE4CD76311D3 /* [CP] Check Pods Manifest.lock */,
				EAF920FB2548DA1400D22ACF /* Sources */,
				EAF920FC2548DA1400D22ACF /* Frameworks */,
				EAF920FD2548DA1400D22ACF /* Resources */,
				5421CA46E1DE7D78B1E86CF7 /* [CP] Embed Pods Frameworks */,
			);
			buildRules = (
			);
			dependencies = (
				EAF921012548DA1400D22ACF /* PBXTargetDependency */,
			);
			name = "playlist-proUITests";
			productName = "youtube-onedaybuildUITests";
			productReference = EAF920FF2548DA1400D22ACF /* playlist-proUITests.xctest */;
			productType = "com.apple.product-type.bundle.ui-testing";
		};
/* End PBXNativeTarget section */

/* Begin PBXProject section */
		EAF920D62548DA1200D22ACF /* Project object */ = {
			isa = PBXProject;
			attributes = {
				LastSwiftUpdateCheck = 1210;
				LastUpgradeCheck = 1210;
				TargetAttributes = {
					EAF920DD2548DA1200D22ACF = {
						CreatedOnToolsVersion = 12.1;
					};
					EAF920F32548DA1400D22ACF = {
						CreatedOnToolsVersion = 12.1;
						TestTargetID = EAF920DD2548DA1200D22ACF;
					};
					EAF920FE2548DA1400D22ACF = {
						CreatedOnToolsVersion = 12.1;
						TestTargetID = EAF920DD2548DA1200D22ACF;
					};
				};
			};
			buildConfigurationList = EAF920D92548DA1200D22ACF /* Build configuration list for PBXProject "playlist-pro" */;
			compatibilityVersion = "Xcode 9.3";
			developmentRegion = en;
			hasScannedForEncodings = 0;
			knownRegions = (
				en,
				Base,
			);
			mainGroup = EAF920D52548DA1200D22ACF;
			packageReferences = (
				EA5FBEAC257BF6D100473B56 /* XCRemoteSwiftPackageReference "SpotifyAPI" */,
				EA5FBEBA257C02FA00473B56 /* XCRemoteSwiftPackageReference "KeychainAccess" */,
				EAC2DC8E25AB862A006EA7AF /* XCRemoteSwiftPackageReference "Alamofire" */,
				EAC2DC9425AB86F5006EA7AF /* XCRemoteSwiftPackageReference "XCDYouTubeKit" */,
			);
			productRefGroup = EAF920DF2548DA1200D22ACF /* Products */;
			projectDirPath = "";
			projectRoot = "";
			targets = (
				EAF920DD2548DA1200D22ACF /* playlist-pro */,
				EAF920F32548DA1400D22ACF /* playlist-proTests */,
				EAF920FE2548DA1400D22ACF /* playlist-proUITests */,
			);
		};
/* End PBXProject section */

/* Begin PBXResourcesBuildPhase section */
		EAF920DC2548DA1200D22ACF /* Resources */ = {
			isa = PBXResourcesBuildPhase;
			buildActionMask = 2147483647;
			files = (
				EAE145E22585933000C09FE9 /* GoogleService-Info.plist in Resources */,
				EAF920EB2548DA1400D22ACF /* Assets.xcassets in Resources */,
			);
			runOnlyForDeploymentPostprocessing = 0;
		};
		EAF920F22548DA1400D22ACF /* Resources */ = {
			isa = PBXResourcesBuildPhase;
			buildActionMask = 2147483647;
			files = (
			);
			runOnlyForDeploymentPostprocessing = 0;
		};
		EAF920FD2548DA1400D22ACF /* Resources */ = {
			isa = PBXResourcesBuildPhase;
			buildActionMask = 2147483647;
			files = (
			);
			runOnlyForDeploymentPostprocessing = 0;
		};
/* End PBXResourcesBuildPhase section */

/* Begin PBXShellScriptBuildPhase section */
		5421CA46E1DE7D78B1E86CF7 /* [CP] Embed Pods Frameworks */ = {
			isa = PBXShellScriptBuildPhase;
			buildActionMask = 2147483647;
			files = (
			);
			inputFileListPaths = (
				"${PODS_ROOT}/Target Support Files/Pods-playlist-pro-playlist-proUITests/Pods-playlist-pro-playlist-proUITests-frameworks-${CONFIGURATION}-input-files.xcfilelist",
			);
			name = "[CP] Embed Pods Frameworks";
			outputFileListPaths = (
				"${PODS_ROOT}/Target Support Files/Pods-playlist-pro-playlist-proUITests/Pods-playlist-pro-playlist-proUITests-frameworks-${CONFIGURATION}-output-files.xcfilelist",
			);
			runOnlyForDeploymentPostprocessing = 0;
			shellPath = /bin/sh;
			shellScript = "\"${PODS_ROOT}/Target Support Files/Pods-playlist-pro-playlist-proUITests/Pods-playlist-pro-playlist-proUITests-frameworks.sh\"\n";
			showEnvVarsInLog = 0;
		};
		6B8C1D8E19DEEC9B45493D5D /* [CP] Embed Pods Frameworks */ = {
			isa = PBXShellScriptBuildPhase;
			buildActionMask = 2147483647;
			files = (
			);
			inputFileListPaths = (
				"${PODS_ROOT}/Target Support Files/Pods-playlist-pro/Pods-playlist-pro-frameworks-${CONFIGURATION}-input-files.xcfilelist",
			);
			name = "[CP] Embed Pods Frameworks";
			outputFileListPaths = (
				"${PODS_ROOT}/Target Support Files/Pods-playlist-pro/Pods-playlist-pro-frameworks-${CONFIGURATION}-output-files.xcfilelist",
			);
			runOnlyForDeploymentPostprocessing = 0;
			shellPath = /bin/sh;
			shellScript = "\"${PODS_ROOT}/Target Support Files/Pods-playlist-pro/Pods-playlist-pro-frameworks.sh\"\n";
			showEnvVarsInLog = 0;
		};
		9B9638879471D62501914583 /* [CP] Check Pods Manifest.lock */ = {
			isa = PBXShellScriptBuildPhase;
			buildActionMask = 2147483647;
			files = (
			);
			inputFileListPaths = (
			);
			inputPaths = (
				"${PODS_PODFILE_DIR_PATH}/Podfile.lock",
				"${PODS_ROOT}/Manifest.lock",
			);
			name = "[CP] Check Pods Manifest.lock";
			outputFileListPaths = (
			);
			outputPaths = (
				"$(DERIVED_FILE_DIR)/Pods-playlist-proTests-checkManifestLockResult.txt",
			);
			runOnlyForDeploymentPostprocessing = 0;
			shellPath = /bin/sh;
			shellScript = "diff \"${PODS_PODFILE_DIR_PATH}/Podfile.lock\" \"${PODS_ROOT}/Manifest.lock\" > /dev/null\nif [ $? != 0 ] ; then\n    # print error to STDERR\n    echo \"error: The sandbox is not in sync with the Podfile.lock. Run 'pod install' or update your CocoaPods installation.\" >&2\n    exit 1\nfi\n# This output is used by Xcode 'outputs' to avoid re-running this script phase.\necho \"SUCCESS\" > \"${SCRIPT_OUTPUT_FILE_0}\"\n";
			showEnvVarsInLog = 0;
		};
		D608B7A5236CFE4CD76311D3 /* [CP] Check Pods Manifest.lock */ = {
			isa = PBXShellScriptBuildPhase;
			buildActionMask = 2147483647;
			files = (
			);
			inputFileListPaths = (
			);
			inputPaths = (
				"${PODS_PODFILE_DIR_PATH}/Podfile.lock",
				"${PODS_ROOT}/Manifest.lock",
			);
			name = "[CP] Check Pods Manifest.lock";
			outputFileListPaths = (
			);
			outputPaths = (
				"$(DERIVED_FILE_DIR)/Pods-playlist-pro-playlist-proUITests-checkManifestLockResult.txt",
			);
			runOnlyForDeploymentPostprocessing = 0;
			shellPath = /bin/sh;
			shellScript = "diff \"${PODS_PODFILE_DIR_PATH}/Podfile.lock\" \"${PODS_ROOT}/Manifest.lock\" > /dev/null\nif [ $? != 0 ] ; then\n    # print error to STDERR\n    echo \"error: The sandbox is not in sync with the Podfile.lock. Run 'pod install' or update your CocoaPods installation.\" >&2\n    exit 1\nfi\n# This output is used by Xcode 'outputs' to avoid re-running this script phase.\necho \"SUCCESS\" > \"${SCRIPT_OUTPUT_FILE_0}\"\n";
			showEnvVarsInLog = 0;
		};
		FBD67BB60E728366E8090640 /* [CP] Check Pods Manifest.lock */ = {
			isa = PBXShellScriptBuildPhase;
			buildActionMask = 2147483647;
			files = (
			);
			inputFileListPaths = (
			);
			inputPaths = (
				"${PODS_PODFILE_DIR_PATH}/Podfile.lock",
				"${PODS_ROOT}/Manifest.lock",
			);
			name = "[CP] Check Pods Manifest.lock";
			outputFileListPaths = (
			);
			outputPaths = (
				"$(DERIVED_FILE_DIR)/Pods-playlist-pro-checkManifestLockResult.txt",
			);
			runOnlyForDeploymentPostprocessing = 0;
			shellPath = /bin/sh;
			shellScript = "diff \"${PODS_PODFILE_DIR_PATH}/Podfile.lock\" \"${PODS_ROOT}/Manifest.lock\" > /dev/null\nif [ $? != 0 ] ; then\n    # print error to STDERR\n    echo \"error: The sandbox is not in sync with the Podfile.lock. Run 'pod install' or update your CocoaPods installation.\" >&2\n    exit 1\nfi\n# This output is used by Xcode 'outputs' to avoid re-running this script phase.\necho \"SUCCESS\" > \"${SCRIPT_OUTPUT_FILE_0}\"\n";
			showEnvVarsInLog = 0;
		};
/* End PBXShellScriptBuildPhase section */

/* Begin PBXSourcesBuildPhase section */
		EAF920DA2548DA1200D22ACF /* Sources */ = {
			isa = PBXSourcesBuildPhase;
			buildActionMask = 2147483647;
			files = (
				EAE145E7258593A600C09FE9 /* LoginViewController.swift in Sources */,
				EAF920E62548DA1200D22ACF /* SearchViewController.swift in Sources */,
				EA64604025FBDC3C00B73769 /* PlaylistHeaderCollectionReusableView.swift in Sources */,
				EA5FBE77257AAD4A00473B56 /* Video.swift in Sources */,
				EA5E9E8925B4BC560026E9AE /* HomeViewController.swift in Sources */,
				EA9D945025938AA80057493D /* AuthSplashScreenViewController.swift in Sources */,
				EA05585425AFA39600B1FF85 /* LocalFilesManager.swift in Sources */,
				EAC06E5525DEC34B00E86162 /* QueueViewController.swift in Sources */,
				EA64605D26000D4A00B73769 /* SongValues.swift in Sources */,
				EAC06DE025DC1CE800E86162 /* HapticsManager.swift in Sources */,
				EAE431442550B6F700E5AEBF /* CacheManager.swift in Sources */,
				EAF920E22548DA1200D22ACF /* AppDelegate.swift in Sources */,
				EAC06E0725DC356B00E86162 /* Playlist.swift in Sources */,
				EAF920E42548DA1200D22ACF /* SceneDelegate.swift in Sources */,
				EA0558BE25B1191700B1FF85 /* MiniPlayerView.swift in Sources */,
				EA64604D25FC016A00B73769 /* SongPlaylistOptionsViewController.swift in Sources */,
				EAC06E5F25DEFEB600E86162 /* CreatePlaylistViewController.swift in Sources */,
				EABA043525B731AC000BF883 /* SpotifyImportViewController.swift in Sources */,
				EAC06E4B25DEB25E00E86162 /* DismissAnimator.swift in Sources */,
				EA96634B25F161BC00C8254C /* PlaylistsManager.swift in Sources */,
				EA0558A925B118EA00B1FF85 /* SongPlaylistCell.swift in Sources */,
				EAC06E0825DC356B00E86162 /* LibraryManager.swift in Sources */,
				EAC06E0925DC356B00E86162 /* QueueManager.swift in Sources */,
				EA64605525FEC41E00B73769 /* SongOptionsCell.swift in Sources */,
				EA637DF5254B408C00FCC983 /* SearchModel.swift in Sources */,
				EA8F5AD625926BC50081E9AB /* Extensions.swift in Sources */,
				EAE145FA2585970200C09FE9 /* AuthManager.swift in Sources */,
				EAC06E4025DD92FA00E86162 /* NowPlayingViewController.swift in Sources */,
				EAC06DE525DC1D4F00E86162 /* TabBarViewController.swift in Sources */,
				EA05589F25B118DF00B1FF85 /* YYTRangeSlider.swift in Sources */,
				EA05589E25B118DF00B1FF85 /* YYTRangeSliderTrackLayer.swift in Sources */,
				EAE4314E2550BD4C00E5AEBF /* DateHelper.swift in Sources */,
				EA64603B25FBBE4300B73769 /* CustomSlider.swift in Sources */,
				EA637DEB254B3EF200FCC983 /* Constants.swift in Sources */,
				EA0558A025B118DF00B1FF85 /* YYTAudioPlayer.swift in Sources */,
				EAE145BC25858C5C00C09FE9 /* RegistrationViewController.swift in Sources */,
				EADD20712601904F002AA641 /* AddToPlaylistViewController.swift in Sources */,
				EA637E022550B00200FCC983 /* SearchVideoCell.swift in Sources */,
				EAE145F52585966D00C09FE9 /* DatabaseManager.swift in Sources */,
				EAC06E5025DEB42B00E86162 /* Interactor.swift in Sources */,
				EAE145B025858AFE00C09FE9 /* LibraryViewController.swift in Sources */,
				EA637DFD254B821200FCC983 /* Response.swift in Sources */,
				EA7E3FE325A67646009A4DAE /* AccountViewController.swift in Sources */,
				EA96633425E9647700C8254C /* RepeatType.swift in Sources */,
				EAC06DD425DC1CA300E86162 /* PlaylistContentsViewController.swift in Sources */,
			);
			runOnlyForDeploymentPostprocessing = 0;
		};
		EAF920F02548DA1400D22ACF /* Sources */ = {
			isa = PBXSourcesBuildPhase;
			buildActionMask = 2147483647;
			files = (
				EAF920F92548DA1400D22ACF /* playlist-proTests.swift in Sources */,
			);
			runOnlyForDeploymentPostprocessing = 0;
		};
		EAF920FB2548DA1400D22ACF /* Sources */ = {
			isa = PBXSourcesBuildPhase;
			buildActionMask = 2147483647;
			files = (
				EAF921042548DA1400D22ACF /* playlist-proUITests.swift in Sources */,
			);
			runOnlyForDeploymentPostprocessing = 0;
		};
/* End PBXSourcesBuildPhase section */

/* Begin PBXTargetDependency section */
		EAF920F62548DA1400D22ACF /* PBXTargetDependency */ = {
			isa = PBXTargetDependency;
			target = EAF920DD2548DA1200D22ACF /* playlist-pro */;
			targetProxy = EAF920F52548DA1400D22ACF /* PBXContainerItemProxy */;
		};
		EAF921012548DA1400D22ACF /* PBXTargetDependency */ = {
			isa = PBXTargetDependency;
			target = EAF920DD2548DA1200D22ACF /* playlist-pro */;
			targetProxy = EAF921002548DA1400D22ACF /* PBXContainerItemProxy */;
		};
/* End PBXTargetDependency section */

/* Begin XCBuildConfiguration section */
		EAF921062548DA1400D22ACF /* Debug */ = {
			isa = XCBuildConfiguration;
			buildSettings = {
				ALWAYS_SEARCH_USER_PATHS = NO;
				CLANG_ANALYZER_NONNULL = YES;
				CLANG_ANALYZER_NUMBER_OBJECT_CONVERSION = YES_AGGRESSIVE;
				CLANG_CXX_LANGUAGE_STANDARD = "gnu++14";
				CLANG_CXX_LIBRARY = "libc++";
				CLANG_ENABLE_MODULES = YES;
				CLANG_ENABLE_OBJC_ARC = YES;
				CLANG_ENABLE_OBJC_WEAK = YES;
				CLANG_WARN_BLOCK_CAPTURE_AUTORELEASING = YES;
				CLANG_WARN_BOOL_CONVERSION = YES;
				CLANG_WARN_COMMA = YES;
				CLANG_WARN_CONSTANT_CONVERSION = YES;
				CLANG_WARN_DEPRECATED_OBJC_IMPLEMENTATIONS = YES;
				CLANG_WARN_DIRECT_OBJC_ISA_USAGE = YES_ERROR;
				CLANG_WARN_DOCUMENTATION_COMMENTS = YES;
				CLANG_WARN_EMPTY_BODY = YES;
				CLANG_WARN_ENUM_CONVERSION = YES;
				CLANG_WARN_INFINITE_RECURSION = YES;
				CLANG_WARN_INT_CONVERSION = YES;
				CLANG_WARN_NON_LITERAL_NULL_CONVERSION = YES;
				CLANG_WARN_OBJC_IMPLICIT_RETAIN_SELF = YES;
				CLANG_WARN_OBJC_LITERAL_CONVERSION = YES;
				CLANG_WARN_OBJC_ROOT_CLASS = YES_ERROR;
				CLANG_WARN_QUOTED_INCLUDE_IN_FRAMEWORK_HEADER = YES;
				CLANG_WARN_RANGE_LOOP_ANALYSIS = YES;
				CLANG_WARN_STRICT_PROTOTYPES = YES;
				CLANG_WARN_SUSPICIOUS_MOVE = YES;
				CLANG_WARN_UNGUARDED_AVAILABILITY = YES_AGGRESSIVE;
				CLANG_WARN_UNREACHABLE_CODE = YES;
				CLANG_WARN__DUPLICATE_METHOD_MATCH = YES;
				COPY_PHASE_STRIP = NO;
				DEBUG_INFORMATION_FORMAT = dwarf;
				ENABLE_STRICT_OBJC_MSGSEND = YES;
				ENABLE_TESTABILITY = YES;
				GCC_C_LANGUAGE_STANDARD = gnu11;
				GCC_DYNAMIC_NO_PIC = NO;
				GCC_NO_COMMON_BLOCKS = YES;
				GCC_OPTIMIZATION_LEVEL = 0;
				GCC_PREPROCESSOR_DEFINITIONS = (
					"DEBUG=1",
					"$(inherited)",
				);
				GCC_WARN_64_TO_32_BIT_CONVERSION = YES;
				GCC_WARN_ABOUT_RETURN_TYPE = YES_ERROR;
				GCC_WARN_UNDECLARED_SELECTOR = YES;
				GCC_WARN_UNINITIALIZED_AUTOS = YES_AGGRESSIVE;
				GCC_WARN_UNUSED_FUNCTION = YES;
				GCC_WARN_UNUSED_VARIABLE = YES;
				INFOPLIST_FILE = "playlist-pro/Info.plist";
				IPHONEOS_DEPLOYMENT_TARGET = 14.1;
				MTL_ENABLE_DEBUG_INFO = INCLUDE_SOURCE;
				MTL_FAST_MATH = YES;
				ONLY_ACTIVE_ARCH = YES;
				SDKROOT = iphoneos;
				SWIFT_ACTIVE_COMPILATION_CONDITIONS = DEBUG;
				SWIFT_OPTIMIZATION_LEVEL = "-Onone";
			};
			name = Debug;
		};
		EAF921072548DA1400D22ACF /* Release */ = {
			isa = XCBuildConfiguration;
			buildSettings = {
				ALWAYS_SEARCH_USER_PATHS = NO;
				CLANG_ANALYZER_NONNULL = YES;
				CLANG_ANALYZER_NUMBER_OBJECT_CONVERSION = YES_AGGRESSIVE;
				CLANG_CXX_LANGUAGE_STANDARD = "gnu++14";
				CLANG_CXX_LIBRARY = "libc++";
				CLANG_ENABLE_MODULES = YES;
				CLANG_ENABLE_OBJC_ARC = YES;
				CLANG_ENABLE_OBJC_WEAK = YES;
				CLANG_WARN_BLOCK_CAPTURE_AUTORELEASING = YES;
				CLANG_WARN_BOOL_CONVERSION = YES;
				CLANG_WARN_COMMA = YES;
				CLANG_WARN_CONSTANT_CONVERSION = YES;
				CLANG_WARN_DEPRECATED_OBJC_IMPLEMENTATIONS = YES;
				CLANG_WARN_DIRECT_OBJC_ISA_USAGE = YES_ERROR;
				CLANG_WARN_DOCUMENTATION_COMMENTS = YES;
				CLANG_WARN_EMPTY_BODY = YES;
				CLANG_WARN_ENUM_CONVERSION = YES;
				CLANG_WARN_INFINITE_RECURSION = YES;
				CLANG_WARN_INT_CONVERSION = YES;
				CLANG_WARN_NON_LITERAL_NULL_CONVERSION = YES;
				CLANG_WARN_OBJC_IMPLICIT_RETAIN_SELF = YES;
				CLANG_WARN_OBJC_LITERAL_CONVERSION = YES;
				CLANG_WARN_OBJC_ROOT_CLASS = YES_ERROR;
				CLANG_WARN_QUOTED_INCLUDE_IN_FRAMEWORK_HEADER = YES;
				CLANG_WARN_RANGE_LOOP_ANALYSIS = YES;
				CLANG_WARN_STRICT_PROTOTYPES = YES;
				CLANG_WARN_SUSPICIOUS_MOVE = YES;
				CLANG_WARN_UNGUARDED_AVAILABILITY = YES_AGGRESSIVE;
				CLANG_WARN_UNREACHABLE_CODE = YES;
				CLANG_WARN__DUPLICATE_METHOD_MATCH = YES;
				COPY_PHASE_STRIP = NO;
				DEBUG_INFORMATION_FORMAT = "dwarf-with-dsym";
				ENABLE_NS_ASSERTIONS = NO;
				ENABLE_STRICT_OBJC_MSGSEND = YES;
				GCC_C_LANGUAGE_STANDARD = gnu11;
				GCC_NO_COMMON_BLOCKS = YES;
				GCC_WARN_64_TO_32_BIT_CONVERSION = YES;
				GCC_WARN_ABOUT_RETURN_TYPE = YES_ERROR;
				GCC_WARN_UNDECLARED_SELECTOR = YES;
				GCC_WARN_UNINITIALIZED_AUTOS = YES_AGGRESSIVE;
				GCC_WARN_UNUSED_FUNCTION = YES;
				GCC_WARN_UNUSED_VARIABLE = YES;
				INFOPLIST_FILE = "playlist-pro/Info.plist";
				IPHONEOS_DEPLOYMENT_TARGET = 14.1;
				MTL_ENABLE_DEBUG_INFO = NO;
				MTL_FAST_MATH = YES;
				SDKROOT = iphoneos;
				SWIFT_COMPILATION_MODE = wholemodule;
				SWIFT_OPTIMIZATION_LEVEL = "-O";
				VALIDATE_PRODUCT = YES;
			};
			name = Release;
		};
		EAF921092548DA1400D22ACF /* Debug */ = {
			isa = XCBuildConfiguration;
			baseConfigurationReference = 527929BA0E140EE019D3B7D0 /* Pods-playlist-pro.debug.xcconfig */;
			buildSettings = {
				ASSETCATALOG_COMPILER_APPICON_NAME = AppIcon;
				ASSETCATALOG_COMPILER_GLOBAL_ACCENT_COLOR_NAME = AccentColor;
				CODE_SIGN_STYLE = Automatic;
				DEVELOPMENT_TEAM = AZ2X8YV7UR;
				INFOPLIST_FILE = "playlist-pro/Info.plist";
				IPHONEOS_DEPLOYMENT_TARGET = 13.0;
				LD_RUNPATH_SEARCH_PATHS = (
					"$(inherited)",
					"@executable_path/Frameworks",
				);
				PRODUCT_BUNDLE_IDENTIFIER = "com.leeaidan.playlist-pro";
				PRODUCT_NAME = "$(TARGET_NAME)";
				SWIFT_VERSION = 5.0;
				TARGETED_DEVICE_FAMILY = "1,2";
			};
			name = Debug;
		};
		EAF9210A2548DA1400D22ACF /* Release */ = {
			isa = XCBuildConfiguration;
			baseConfigurationReference = 0A2E14E8427BE7F18E58AB8D /* Pods-playlist-pro.release.xcconfig */;
			buildSettings = {
				ASSETCATALOG_COMPILER_APPICON_NAME = AppIcon;
				ASSETCATALOG_COMPILER_GLOBAL_ACCENT_COLOR_NAME = AccentColor;
				CODE_SIGN_STYLE = Automatic;
				DEVELOPMENT_TEAM = AZ2X8YV7UR;
				INFOPLIST_FILE = "playlist-pro/Info.plist";
				IPHONEOS_DEPLOYMENT_TARGET = 13.0;
				LD_RUNPATH_SEARCH_PATHS = (
					"$(inherited)",
					"@executable_path/Frameworks",
				);
				PRODUCT_BUNDLE_IDENTIFIER = "com.leeaidan.playlist-pro";
				PRODUCT_NAME = "$(TARGET_NAME)";
				SWIFT_VERSION = 5.0;
				TARGETED_DEVICE_FAMILY = "1,2";
			};
			name = Release;
		};
		EAF9210C2548DA1400D22ACF /* Debug */ = {
			isa = XCBuildConfiguration;
			baseConfigurationReference = 884DE58F5C94A45ACFCEB519 /* Pods-playlist-proTests.debug.xcconfig */;
			buildSettings = {
				ALWAYS_EMBED_SWIFT_STANDARD_LIBRARIES = YES;
				BUNDLE_LOADER = "$(TEST_HOST)";
				CODE_SIGN_STYLE = Automatic;
				DEVELOPMENT_TEAM = AZ2X8YV7UR;
				INFOPLIST_FILE = "playlist-pro/Info.plist";
				IPHONEOS_DEPLOYMENT_TARGET = 14.1;
				LD_RUNPATH_SEARCH_PATHS = (
					"$(inherited)",
					"@executable_path/Frameworks",
					"@loader_path/Frameworks",
				);
				PRODUCT_BUNDLE_IDENTIFIER = "com.leeaidan.playlist-pro";
				PRODUCT_NAME = "$(TARGET_NAME)";
				SWIFT_VERSION = 5.0;
				TARGETED_DEVICE_FAMILY = "1,2";
				TEST_HOST = "$(BUILT_PRODUCTS_DIR)/playlist-pro.app/playlist-pro";
			};
			name = Debug;
		};
		EAF9210D2548DA1400D22ACF /* Release */ = {
			isa = XCBuildConfiguration;
			baseConfigurationReference = A95D6CE724D8BF85D535485D /* Pods-playlist-proTests.release.xcconfig */;
			buildSettings = {
				ALWAYS_EMBED_SWIFT_STANDARD_LIBRARIES = YES;
				BUNDLE_LOADER = "$(TEST_HOST)";
				CODE_SIGN_STYLE = Automatic;
				DEVELOPMENT_TEAM = AZ2X8YV7UR;
				INFOPLIST_FILE = "playlist-pro/Info.plist";
				IPHONEOS_DEPLOYMENT_TARGET = 14.1;
				LD_RUNPATH_SEARCH_PATHS = (
					"$(inherited)",
					"@executable_path/Frameworks",
					"@loader_path/Frameworks",
				);
				PRODUCT_BUNDLE_IDENTIFIER = "com.leeaidan.playlist-pro";
				PRODUCT_NAME = "$(TARGET_NAME)";
				SWIFT_VERSION = 5.0;
				TARGETED_DEVICE_FAMILY = "1,2";
				TEST_HOST = "$(BUILT_PRODUCTS_DIR)/playlist-pro.app/playlist-pro";
			};
			name = Release;
		};
		EAF9210F2548DA1400D22ACF /* Debug */ = {
			isa = XCBuildConfiguration;
			baseConfigurationReference = 62A505E2D04BC6C27B6F0749 /* Pods-playlist-pro-playlist-proUITests.debug.xcconfig */;
			buildSettings = {
				ALWAYS_EMBED_SWIFT_STANDARD_LIBRARIES = YES;
				CODE_SIGN_STYLE = Automatic;
				DEVELOPMENT_TEAM = AZ2X8YV7UR;
				INFOPLIST_FILE = "playlist-proUITests/Info.plist";
				LD_RUNPATH_SEARCH_PATHS = (
					"$(inherited)",
					"@executable_path/Frameworks",
					"@loader_path/Frameworks",
				);
				PRODUCT_BUNDLE_IDENTIFIER = "playlist-proUITests";
				PRODUCT_NAME = "$(TARGET_NAME)";
				SWIFT_VERSION = 5.0;
				TARGETED_DEVICE_FAMILY = "1,2";
				TEST_TARGET_NAME = "playlist-pro";
			};
			name = Debug;
		};
		EAF921102548DA1400D22ACF /* Release */ = {
			isa = XCBuildConfiguration;
			baseConfigurationReference = 75118F85FB2F4DA01834389D /* Pods-playlist-pro-playlist-proUITests.release.xcconfig */;
			buildSettings = {
				ALWAYS_EMBED_SWIFT_STANDARD_LIBRARIES = YES;
				CODE_SIGN_STYLE = Automatic;
				DEVELOPMENT_TEAM = AZ2X8YV7UR;
				INFOPLIST_FILE = "playlist-proUITests/Info.plist";
				LD_RUNPATH_SEARCH_PATHS = (
					"$(inherited)",
					"@executable_path/Frameworks",
					"@loader_path/Frameworks",
				);
				PRODUCT_BUNDLE_IDENTIFIER = "playlist-proUITests";
				PRODUCT_NAME = "$(TARGET_NAME)";
				SWIFT_VERSION = 5.0;
				TARGETED_DEVICE_FAMILY = "1,2";
				TEST_TARGET_NAME = "playlist-pro";
			};
			name = Release;
		};
/* End XCBuildConfiguration section */

/* Begin XCConfigurationList section */
		EAF920D92548DA1200D22ACF /* Build configuration list for PBXProject "playlist-pro" */ = {
			isa = XCConfigurationList;
			buildConfigurations = (
				EAF921062548DA1400D22ACF /* Debug */,
				EAF921072548DA1400D22ACF /* Release */,
			);
			defaultConfigurationIsVisible = 0;
			defaultConfigurationName = Release;
		};
		EAF921082548DA1400D22ACF /* Build configuration list for PBXNativeTarget "playlist-pro" */ = {
			isa = XCConfigurationList;
			buildConfigurations = (
				EAF921092548DA1400D22ACF /* Debug */,
				EAF9210A2548DA1400D22ACF /* Release */,
			);
			defaultConfigurationIsVisible = 0;
			defaultConfigurationName = Release;
		};
		EAF9210B2548DA1400D22ACF /* Build configuration list for PBXNativeTarget "playlist-proTests" */ = {
			isa = XCConfigurationList;
			buildConfigurations = (
				EAF9210C2548DA1400D22ACF /* Debug */,
				EAF9210D2548DA1400D22ACF /* Release */,
			);
			defaultConfigurationIsVisible = 0;
			defaultConfigurationName = Release;
		};
		EAF9210E2548DA1400D22ACF /* Build configuration list for PBXNativeTarget "playlist-proUITests" */ = {
			isa = XCConfigurationList;
			buildConfigurations = (
				EAF9210F2548DA1400D22ACF /* Debug */,
				EAF921102548DA1400D22ACF /* Release */,
			);
			defaultConfigurationIsVisible = 0;
			defaultConfigurationName = Release;
		};
/* End XCConfigurationList section */

/* Begin XCRemoteSwiftPackageReference section */
		EA5FBEAC257BF6D100473B56 /* XCRemoteSwiftPackageReference "SpotifyAPI" */ = {
			isa = XCRemoteSwiftPackageReference;
			repositoryURL = "https://github.com/Peter-Schorn/SpotifyAPI";
			requirement = {
				kind = upToNextMajorVersion;
				minimumVersion = 1.1.2;
			};
		};
		EA5FBEBA257C02FA00473B56 /* XCRemoteSwiftPackageReference "KeychainAccess" */ = {
			isa = XCRemoteSwiftPackageReference;
			repositoryURL = "https://github.com/kishikawakatsumi/KeychainAccess";
			requirement = {
				kind = upToNextMajorVersion;
				minimumVersion = 4.2.1;
			};
		};
		EAC2DC8E25AB862A006EA7AF /* XCRemoteSwiftPackageReference "Alamofire" */ = {
			isa = XCRemoteSwiftPackageReference;
			repositoryURL = "https://github.com/Alamofire/Alamofire.git";
			requirement = {
				kind = upToNextMajorVersion;
				minimumVersion = 5.4.1;
			};
		};
		EAC2DC9425AB86F5006EA7AF /* XCRemoteSwiftPackageReference "XCDYouTubeKit" */ = {
			isa = XCRemoteSwiftPackageReference;
			repositoryURL = "https://github.com/0xced/XCDYouTubeKit.git";
			requirement = {
				kind = upToNextMajorVersion;
				minimumVersion = 2.15.2;
			};
		};
/* End XCRemoteSwiftPackageReference section */

/* Begin XCSwiftPackageProductDependency section */
		EA5FBEAD257BF6D100473B56 /* SpotifyAPI */ = {
			isa = XCSwiftPackageProductDependency;
			package = EA5FBEAC257BF6D100473B56 /* XCRemoteSwiftPackageReference "SpotifyAPI" */;
			productName = SpotifyAPI;
		};
		EA5FBEBB257C02FA00473B56 /* KeychainAccess */ = {
			isa = XCSwiftPackageProductDependency;
			package = EA5FBEBA257C02FA00473B56 /* XCRemoteSwiftPackageReference "KeychainAccess" */;
			productName = KeychainAccess;
		};
		EAC2DC8F25AB862A006EA7AF /* Alamofire */ = {
			isa = XCSwiftPackageProductDependency;
			package = EAC2DC8E25AB862A006EA7AF /* XCRemoteSwiftPackageReference "Alamofire" */;
			productName = Alamofire;
		};
		EAC2DC9525AB86F5006EA7AF /* XCDYouTubeKit */ = {
			isa = XCSwiftPackageProductDependency;
			package = EAC2DC9425AB86F5006EA7AF /* XCRemoteSwiftPackageReference "XCDYouTubeKit" */;
			productName = XCDYouTubeKit;
		};
/* End XCSwiftPackageProductDependency section */
	};
	rootObject = EAF920D62548DA1200D22ACF /* Project object */;
}
